// !$*UTF8*$!
{
	archiveVersion = 1;
	classes = {
	};
	objectVersion = 46;
	objects = {

/* Begin PBXBuildFile section */
		323AC6B11E244E540031A2AD /* IosContinuousIntegrationCucumberTests.swift in Sources */ = {isa = PBXBuildFile; fileRef = 323AC6B01E244E540031A2AD /* IosContinuousIntegrationCucumberTests.swift */; };
		323AC6B41E244E550031A2AD /* HomeScreen.swift in Sources */ = {isa = PBXBuildFile; fileRef = 323AC6B31E244E550031A2AD /* HomeScreen.swift */; };
		323AC6B61E244E550031A2AD /* BaseScreen.swift in Sources */ = {isa = PBXBuildFile; fileRef = 323AC6B51E244E550031A2AD /* BaseScreen.swift */; };
		323AC6B91E244E550031A2AD /* HomeScreenSteps.swift in Sources */ = {isa = PBXBuildFile; fileRef = 323AC6B81E244E550031A2AD /* HomeScreenSteps.swift */; };
		323AC6BC1E244E550031A2AD /* Hooks.swift in Sources */ = {isa = PBXBuildFile; fileRef = 323AC6BB1E244E550031A2AD /* Hooks.swift */; };
		323AC6BE1E244E550031A2AD /* Extensions.swift in Sources */ = {isa = PBXBuildFile; fileRef = 323AC6BD1E244E550031A2AD /* Extensions.swift */; };
		323AC6C01E244E550031A2AD /* CommonStepDefinitions.swift in Sources */ = {isa = PBXBuildFile; fileRef = 323AC6BF1E244E550031A2AD /* CommonStepDefinitions.swift */; };
		323AC6C51E244E550031A2AD /* IosContinuousIntegrationCucumberTests.m in Sources */ = {isa = PBXBuildFile; fileRef = 323AC6C41E244E550031A2AD /* IosContinuousIntegrationCucumberTests.m */; };
		323AC73B1E244EAA0031A2AD /* CCIFeaturesManager.m in Sources */ = {isa = PBXBuildFile; fileRef = 323AC6D11E244EAA0031A2AD /* CCIFeaturesManager.m */; };
		323AC73C1E244EAA0031A2AD /* CCIStepsManager.m in Sources */ = {isa = PBXBuildFile; fileRef = 323AC6D31E244EAA0031A2AD /* CCIStepsManager.m */; };
		323AC73D1E244EAA0031A2AD /* CCIArgument.m in Sources */ = {isa = PBXBuildFile; fileRef = 323AC6D61E244EAA0031A2AD /* CCIArgument.m */; };
		323AC73E1E244EAA0031A2AD /* CCIAroundHock.m in Sources */ = {isa = PBXBuildFile; fileRef = 323AC6D81E244EAA0031A2AD /* CCIAroundHock.m */; };
		323AC73F1E244EAA0031A2AD /* CCIBackground.m in Sources */ = {isa = PBXBuildFile; fileRef = 323AC6DA1E244EAA0031A2AD /* CCIBackground.m */; };
		323AC7401E244EAA0031A2AD /* CCIExample.m in Sources */ = {isa = PBXBuildFile; fileRef = 323AC6DC1E244EAA0031A2AD /* CCIExample.m */; };
		323AC7411E244EAA0031A2AD /* CCIFeature.m in Sources */ = {isa = PBXBuildFile; fileRef = 323AC6DE1E244EAA0031A2AD /* CCIFeature.m */; };
		323AC7421E244EAA0031A2AD /* CCIHock.m in Sources */ = {isa = PBXBuildFile; fileRef = 323AC6E01E244EAA0031A2AD /* CCIHock.m */; };
		323AC7431E244EAA0031A2AD /* CCILocation.m in Sources */ = {isa = PBXBuildFile; fileRef = 323AC6E21E244EAA0031A2AD /* CCILocation.m */; };
		323AC7441E244EAA0031A2AD /* CCIScenarioDefinition.m in Sources */ = {isa = PBXBuildFile; fileRef = 323AC6E41E244EAA0031A2AD /* CCIScenarioDefinition.m */; };
		323AC7451E244EAA0031A2AD /* CCIStep.m in Sources */ = {isa = PBXBuildFile; fileRef = 323AC6E61E244EAA0031A2AD /* CCIStep.m */; };
		323AC7461E244EAA0031A2AD /* CCIStepDefinition.m in Sources */ = {isa = PBXBuildFile; fileRef = 323AC6E81E244EAA0031A2AD /* CCIStepDefinition.m */; };
		323AC7471E244EAA0031A2AD /* Cucumberish.m in Sources */ = {isa = PBXBuildFile; fileRef = 323AC6EA1E244EAA0031A2AD /* Cucumberish.m */; };
		323AC7481E244EAA0031A2AD /* GHAstBuilder.m in Sources */ = {isa = PBXBuildFile; fileRef = 323AC6EE1E244EAA0031A2AD /* GHAstBuilder.m */; };
		323AC7491E244EAA0031A2AD /* GHAstNode.m in Sources */ = {isa = PBXBuildFile; fileRef = 323AC6F01E244EAA0031A2AD /* GHAstNode.m */; };
		323AC74A1E244EAA0031A2AD /* GHBackground.m in Sources */ = {isa = PBXBuildFile; fileRef = 323AC6F21E244EAA0031A2AD /* GHBackground.m */; };
		323AC74B1E244EAA0031A2AD /* GHComment.m in Sources */ = {isa = PBXBuildFile; fileRef = 323AC6F41E244EAA0031A2AD /* GHComment.m */; };
		323AC74C1E244EAA0031A2AD /* GHDataTable.m in Sources */ = {isa = PBXBuildFile; fileRef = 323AC6F61E244EAA0031A2AD /* GHDataTable.m */; };
		323AC74D1E244EAA0031A2AD /* GHDocString.m in Sources */ = {isa = PBXBuildFile; fileRef = 323AC6F81E244EAA0031A2AD /* GHDocString.m */; };
		323AC74E1E244EAA0031A2AD /* gherkin-languages.json in Resources */ = {isa = PBXBuildFile; fileRef = 323AC6F91E244EAA0031A2AD /* gherkin-languages.json */; };
		323AC74F1E244EAA0031A2AD /* GHExamples.m in Sources */ = {isa = PBXBuildFile; fileRef = 323AC6FB1E244EAA0031A2AD /* GHExamples.m */; };
		323AC7501E244EAA0031A2AD /* GHFeature.m in Sources */ = {isa = PBXBuildFile; fileRef = 323AC6FD1E244EAA0031A2AD /* GHFeature.m */; };
		323AC7511E244EAA0031A2AD /* GHGherkinDialect.m in Sources */ = {isa = PBXBuildFile; fileRef = 323AC6FF1E244EAA0031A2AD /* GHGherkinDialect.m */; };
		323AC7521E244EAA0031A2AD /* GHGherkinDialectProvider.m in Sources */ = {isa = PBXBuildFile; fileRef = 323AC7011E244EAA0031A2AD /* GHGherkinDialectProvider.m */; };
		323AC7531E244EAA0031A2AD /* GHGherkinLanguageConstants.m in Sources */ = {isa = PBXBuildFile; fileRef = 323AC7041E244EAA0031A2AD /* GHGherkinLanguageConstants.m */; };
		323AC7541E244EAA0031A2AD /* GHGherkinLanguageSetting.m in Sources */ = {isa = PBXBuildFile; fileRef = 323AC7061E244EAA0031A2AD /* GHGherkinLanguageSetting.m */; };
		323AC7551E244EAA0031A2AD /* GHGherkinLine.m in Sources */ = {isa = PBXBuildFile; fileRef = 323AC7081E244EAA0031A2AD /* GHGherkinLine.m */; };
		323AC7561E244EAA0031A2AD /* GHGherkinLineSpan.m in Sources */ = {isa = PBXBuildFile; fileRef = 323AC70B1E244EAA0031A2AD /* GHGherkinLineSpan.m */; };
		323AC7571E244EAA0031A2AD /* GHLocation.m in Sources */ = {isa = PBXBuildFile; fileRef = 323AC7121E244EAA0031A2AD /* GHLocation.m */; };
		323AC7581E244EAA0031A2AD /* GHNode.m in Sources */ = {isa = PBXBuildFile; fileRef = 323AC7141E244EAA0031A2AD /* GHNode.m */; };
		323AC7591E244EAA0031A2AD /* GHParser+Extensions.m in Sources */ = {isa = PBXBuildFile; fileRef = 323AC7161E244EAA0031A2AD /* GHParser+Extensions.m */; };
		323AC75A1E244EAA0031A2AD /* GHParser.m in Sources */ = {isa = PBXBuildFile; fileRef = 323AC7181E244EAA0031A2AD /* GHParser.m */; };
		323AC75B1E244EAA0031A2AD /* GHParserException.m in Sources */ = {isa = PBXBuildFile; fileRef = 323AC71A1E244EAA0031A2AD /* GHParserException.m */; };
		323AC75C1E244EAA0031A2AD /* GHScenario.m in Sources */ = {isa = PBXBuildFile; fileRef = 323AC71C1E244EAA0031A2AD /* GHScenario.m */; };
		323AC75D1E244EAA0031A2AD /* GHScenarioDefinition.m in Sources */ = {isa = PBXBuildFile; fileRef = 323AC71E1E244EAA0031A2AD /* GHScenarioDefinition.m */; };
		323AC75E1E244EAA0031A2AD /* GHScenarioOutline.m in Sources */ = {isa = PBXBuildFile; fileRef = 323AC7211E244EAA0031A2AD /* GHScenarioOutline.m */; };
		323AC75F1E244EAA0031A2AD /* GHStep.m in Sources */ = {isa = PBXBuildFile; fileRef = 323AC7231E244EAA0031A2AD /* GHStep.m */; };
		323AC7601E244EAA0031A2AD /* GHStepArgument.m in Sources */ = {isa = PBXBuildFile; fileRef = 323AC7251E244EAA0031A2AD /* GHStepArgument.m */; };
		323AC7611E244EAA0031A2AD /* GHTableCell.m in Sources */ = {isa = PBXBuildFile; fileRef = 323AC7271E244EAA0031A2AD /* GHTableCell.m */; };
		323AC7621E244EAA0031A2AD /* GHTableRow.m in Sources */ = {isa = PBXBuildFile; fileRef = 323AC7291E244EAA0031A2AD /* GHTableRow.m */; };
		323AC7631E244EAA0031A2AD /* GHTag.m in Sources */ = {isa = PBXBuildFile; fileRef = 323AC72B1E244EAA0031A2AD /* GHTag.m */; };
		323AC7641E244EAA0031A2AD /* GHToken.m in Sources */ = {isa = PBXBuildFile; fileRef = 323AC72D1E244EAA0031A2AD /* GHToken.m */; };
		323AC7651E244EAA0031A2AD /* GHTokenMatcher.m in Sources */ = {isa = PBXBuildFile; fileRef = 323AC72F1E244EAA0031A2AD /* GHTokenMatcher.m */; };
		323AC7661E244EAA0031A2AD /* GHTokenScanner.m in Sources */ = {isa = PBXBuildFile; fileRef = 323AC7311E244EAA0031A2AD /* GHTokenScanner.m */; };
		323AC7671E244EAA0031A2AD /* NSString+Trim.m in Sources */ = {isa = PBXBuildFile; fileRef = 323AC7331E244EAA0031A2AD /* NSString+Trim.m */; };
		323AC7681E244EAA0031A2AD /* NSArray+Hashes.m in Sources */ = {isa = PBXBuildFile; fileRef = 323AC7361E244EAA0031A2AD /* NSArray+Hashes.m */; };
		323AC7691E244EAA0031A2AD /* NSObject+Dictionary.m in Sources */ = {isa = PBXBuildFile; fileRef = 323AC7381E244EAA0031A2AD /* NSObject+Dictionary.m */; };
		323AC76A1E244EAA0031A2AD /* NSString+Formatter.m in Sources */ = {isa = PBXBuildFile; fileRef = 323AC73A1E244EAA0031A2AD /* NSString+Formatter.m */; };
		323AC76C1E244EB30031A2AD /* Features in Resources */ = {isa = PBXBuildFile; fileRef = 323AC76B1E244EB30031A2AD /* Features */; };
		A045EA6FABFE92B1FAFA694E /* Pods_IosContinuousIntegrationCucumberTests.framework in Frameworks */ = {isa = PBXBuildFile; fileRef = AD116D27BE78FC50A7910C80 /* Pods_IosContinuousIntegrationCucumberTests.framework */; };
		A541A3201BD4CFB70030333E /* fastlane in Resources */ = {isa = PBXBuildFile; fileRef = A541A31F1BD4CFB70030333E /* fastlane */; };
		A5CDD0CF1BCE267B00E6F2BD /* AppDelegate.swift in Sources */ = {isa = PBXBuildFile; fileRef = A5CDD0CE1BCE267B00E6F2BD /* AppDelegate.swift */; };
		A5CDD0D11BCE267B00E6F2BD /* MasterViewController.swift in Sources */ = {isa = PBXBuildFile; fileRef = A5CDD0D01BCE267B00E6F2BD /* MasterViewController.swift */; };
		A5CDD0D31BCE267B00E6F2BD /* DetailViewController.swift in Sources */ = {isa = PBXBuildFile; fileRef = A5CDD0D21BCE267B00E6F2BD /* DetailViewController.swift */; };
		A5CDD0D61BCE267B00E6F2BD /* Main.storyboard in Resources */ = {isa = PBXBuildFile; fileRef = A5CDD0D41BCE267B00E6F2BD /* Main.storyboard */; };
		A5CDD0D81BCE267B00E6F2BD /* Assets.xcassets in Resources */ = {isa = PBXBuildFile; fileRef = A5CDD0D71BCE267B00E6F2BD /* Assets.xcassets */; };
		A5CDD0DB1BCE267B00E6F2BD /* LaunchScreen.storyboard in Resources */ = {isa = PBXBuildFile; fileRef = A5CDD0D91BCE267B00E6F2BD /* LaunchScreen.storyboard */; };
		A5CDD0E61BCE267B00E6F2BD /* IosContinuousIntegrationTests.swift in Sources */ = {isa = PBXBuildFile; fileRef = A5CDD0E51BCE267B00E6F2BD /* IosContinuousIntegrationTests.swift */; };
		A5CDD0F11BCE267B00E6F2BD /* IosContinuousIntegrationUITests.swift in Sources */ = {isa = PBXBuildFile; fileRef = A5CDD0F01BCE267B00E6F2BD /* IosContinuousIntegrationUITests.swift */; };
		CED9E3ABD7FFC907E76C1C6B /* Pods_IosContinuousIntegration.framework in Frameworks */ = {isa = PBXBuildFile; fileRef = CC2EC92EFFFBB57F572E7976 /* Pods_IosContinuousIntegration.framework */; };
/* End PBXBuildFile section */

/* Begin PBXContainerItemProxy section */
		323AC6C71E244E550031A2AD /* PBXContainerItemProxy */ = {
			isa = PBXContainerItemProxy;
			containerPortal = A5CDD0C31BCE267B00E6F2BD /* Project object */;
			proxyType = 1;
			remoteGlobalIDString = A5CDD0CA1BCE267B00E6F2BD;
			remoteInfo = IosContinuousIntegration;
		};
		A5CDD0E21BCE267B00E6F2BD /* PBXContainerItemProxy */ = {
			isa = PBXContainerItemProxy;
			containerPortal = A5CDD0C31BCE267B00E6F2BD /* Project object */;
			proxyType = 1;
			remoteGlobalIDString = A5CDD0CA1BCE267B00E6F2BD;
			remoteInfo = IosContinuousIntegration;
		};
		A5CDD0ED1BCE267B00E6F2BD /* PBXContainerItemProxy */ = {
			isa = PBXContainerItemProxy;
			containerPortal = A5CDD0C31BCE267B00E6F2BD /* Project object */;
			proxyType = 1;
			remoteGlobalIDString = A5CDD0CA1BCE267B00E6F2BD;
			remoteInfo = IosContinuousIntegration;
		};
/* End PBXContainerItemProxy section */

/* Begin PBXFileReference section */
		0EC919374653CC2BD0A770D0 /* Pods-IosContinuousIntegrationCucumberTests.release.xcconfig */ = {isa = PBXFileReference; includeInIndex = 1; lastKnownFileType = text.xcconfig; name = "Pods-IosContinuousIntegrationCucumberTests.release.xcconfig"; path = "Pods/Target Support Files/Pods-IosContinuousIntegrationCucumberTests/Pods-IosContinuousIntegrationCucumberTests.release.xcconfig"; sourceTree = "<group>"; };
		323AC6AE1E244E540031A2AD /* IosContinuousIntegrationCucumberTests.xctest */ = {isa = PBXFileReference; explicitFileType = wrapper.cfbundle; includeInIndex = 0; path = IosContinuousIntegrationCucumberTests.xctest; sourceTree = BUILT_PRODUCTS_DIR; };
		323AC6B01E244E540031A2AD /* IosContinuousIntegrationCucumberTests.swift */ = {isa = PBXFileReference; lastKnownFileType = sourcecode.swift; path = IosContinuousIntegrationCucumberTests.swift; sourceTree = "<group>"; };
		323AC6B31E244E550031A2AD /* HomeScreen.swift */ = {isa = PBXFileReference; lastKnownFileType = sourcecode.swift; path = HomeScreen.swift; sourceTree = "<group>"; };
		323AC6B51E244E550031A2AD /* BaseScreen.swift */ = {isa = PBXFileReference; lastKnownFileType = sourcecode.swift; path = BaseScreen.swift; sourceTree = "<group>"; };
		323AC6B81E244E550031A2AD /* HomeScreenSteps.swift */ = {isa = PBXFileReference; lastKnownFileType = sourcecode.swift; path = HomeScreenSteps.swift; sourceTree = "<group>"; };
		323AC6BB1E244E550031A2AD /* Hooks.swift */ = {isa = PBXFileReference; lastKnownFileType = sourcecode.swift; path = Hooks.swift; sourceTree = "<group>"; };
		323AC6BD1E244E550031A2AD /* Extensions.swift */ = {isa = PBXFileReference; lastKnownFileType = sourcecode.swift; path = Extensions.swift; sourceTree = "<group>"; };
		323AC6BF1E244E550031A2AD /* CommonStepDefinitions.swift */ = {isa = PBXFileReference; lastKnownFileType = sourcecode.swift; path = CommonStepDefinitions.swift; sourceTree = "<group>"; };
		323AC6C21E244E550031A2AD /* IosContinuousIntegrationCucumberTests-Bridging-Header.h */ = {isa = PBXFileReference; lastKnownFileType = sourcecode.c.h; path = "IosContinuousIntegrationCucumberTests-Bridging-Header.h"; sourceTree = "<group>"; };
		323AC6C31E244E550031A2AD /* IosContinuousIntegrationCucumberTests.h */ = {isa = PBXFileReference; lastKnownFileType = sourcecode.c.h; path = IosContinuousIntegrationCucumberTests.h; sourceTree = "<group>"; };
		323AC6C41E244E550031A2AD /* IosContinuousIntegrationCucumberTests.m */ = {isa = PBXFileReference; lastKnownFileType = sourcecode.c.objc; path = IosContinuousIntegrationCucumberTests.m; sourceTree = "<group>"; };
		323AC6C61E244E550031A2AD /* Info.plist */ = {isa = PBXFileReference; lastKnownFileType = text.plist.xml; path = Info.plist; sourceTree = "<group>"; };
		323AC6CE1E244EAA0031A2AD /* CCIBlockDefinitions.h */ = {isa = PBXFileReference; fileEncoding = 4; lastKnownFileType = sourcecode.c.h; path = CCIBlockDefinitions.h; sourceTree = "<group>"; };
		323AC6D01E244EAA0031A2AD /* CCIFeaturesManager.h */ = {isa = PBXFileReference; fileEncoding = 4; lastKnownFileType = sourcecode.c.h; path = CCIFeaturesManager.h; sourceTree = "<group>"; };
		323AC6D11E244EAA0031A2AD /* CCIFeaturesManager.m */ = {isa = PBXFileReference; fileEncoding = 4; lastKnownFileType = sourcecode.c.objc; path = CCIFeaturesManager.m; sourceTree = "<group>"; };
		323AC6D21E244EAA0031A2AD /* CCIStepsManager.h */ = {isa = PBXFileReference; fileEncoding = 4; lastKnownFileType = sourcecode.c.h; path = CCIStepsManager.h; sourceTree = "<group>"; };
		323AC6D31E244EAA0031A2AD /* CCIStepsManager.m */ = {isa = PBXFileReference; fileEncoding = 4; lastKnownFileType = sourcecode.c.objc; path = CCIStepsManager.m; sourceTree = "<group>"; };
		323AC6D51E244EAA0031A2AD /* CCIArgument.h */ = {isa = PBXFileReference; fileEncoding = 4; lastKnownFileType = sourcecode.c.h; path = CCIArgument.h; sourceTree = "<group>"; };
		323AC6D61E244EAA0031A2AD /* CCIArgument.m */ = {isa = PBXFileReference; fileEncoding = 4; lastKnownFileType = sourcecode.c.objc; path = CCIArgument.m; sourceTree = "<group>"; };
		323AC6D71E244EAA0031A2AD /* CCIAroundHock.h */ = {isa = PBXFileReference; fileEncoding = 4; lastKnownFileType = sourcecode.c.h; path = CCIAroundHock.h; sourceTree = "<group>"; };
		323AC6D81E244EAA0031A2AD /* CCIAroundHock.m */ = {isa = PBXFileReference; fileEncoding = 4; lastKnownFileType = sourcecode.c.objc; path = CCIAroundHock.m; sourceTree = "<group>"; };
		323AC6D91E244EAA0031A2AD /* CCIBackground.h */ = {isa = PBXFileReference; fileEncoding = 4; lastKnownFileType = sourcecode.c.h; path = CCIBackground.h; sourceTree = "<group>"; };
		323AC6DA1E244EAA0031A2AD /* CCIBackground.m */ = {isa = PBXFileReference; fileEncoding = 4; lastKnownFileType = sourcecode.c.objc; path = CCIBackground.m; sourceTree = "<group>"; };
		323AC6DB1E244EAA0031A2AD /* CCIExample.h */ = {isa = PBXFileReference; fileEncoding = 4; lastKnownFileType = sourcecode.c.h; path = CCIExample.h; sourceTree = "<group>"; };
		323AC6DC1E244EAA0031A2AD /* CCIExample.m */ = {isa = PBXFileReference; fileEncoding = 4; lastKnownFileType = sourcecode.c.objc; path = CCIExample.m; sourceTree = "<group>"; };
		323AC6DD1E244EAA0031A2AD /* CCIFeature.h */ = {isa = PBXFileReference; fileEncoding = 4; lastKnownFileType = sourcecode.c.h; path = CCIFeature.h; sourceTree = "<group>"; };
		323AC6DE1E244EAA0031A2AD /* CCIFeature.m */ = {isa = PBXFileReference; fileEncoding = 4; lastKnownFileType = sourcecode.c.objc; path = CCIFeature.m; sourceTree = "<group>"; };
		323AC6DF1E244EAA0031A2AD /* CCIHock.h */ = {isa = PBXFileReference; fileEncoding = 4; lastKnownFileType = sourcecode.c.h; path = CCIHock.h; sourceTree = "<group>"; };
		323AC6E01E244EAA0031A2AD /* CCIHock.m */ = {isa = PBXFileReference; fileEncoding = 4; lastKnownFileType = sourcecode.c.objc; path = CCIHock.m; sourceTree = "<group>"; };
		323AC6E11E244EAA0031A2AD /* CCILocation.h */ = {isa = PBXFileReference; fileEncoding = 4; lastKnownFileType = sourcecode.c.h; path = CCILocation.h; sourceTree = "<group>"; };
		323AC6E21E244EAA0031A2AD /* CCILocation.m */ = {isa = PBXFileReference; fileEncoding = 4; lastKnownFileType = sourcecode.c.objc; path = CCILocation.m; sourceTree = "<group>"; };
		323AC6E31E244EAA0031A2AD /* CCIScenarioDefinition.h */ = {isa = PBXFileReference; fileEncoding = 4; lastKnownFileType = sourcecode.c.h; path = CCIScenarioDefinition.h; sourceTree = "<group>"; };
		323AC6E41E244EAA0031A2AD /* CCIScenarioDefinition.m */ = {isa = PBXFileReference; fileEncoding = 4; lastKnownFileType = sourcecode.c.objc; path = CCIScenarioDefinition.m; sourceTree = "<group>"; };
		323AC6E51E244EAA0031A2AD /* CCIStep.h */ = {isa = PBXFileReference; fileEncoding = 4; lastKnownFileType = sourcecode.c.h; path = CCIStep.h; sourceTree = "<group>"; };
		323AC6E61E244EAA0031A2AD /* CCIStep.m */ = {isa = PBXFileReference; fileEncoding = 4; lastKnownFileType = sourcecode.c.objc; path = CCIStep.m; sourceTree = "<group>"; };
		323AC6E71E244EAA0031A2AD /* CCIStepDefinition.h */ = {isa = PBXFileReference; fileEncoding = 4; lastKnownFileType = sourcecode.c.h; path = CCIStepDefinition.h; sourceTree = "<group>"; };
		323AC6E81E244EAA0031A2AD /* CCIStepDefinition.m */ = {isa = PBXFileReference; fileEncoding = 4; lastKnownFileType = sourcecode.c.objc; path = CCIStepDefinition.m; sourceTree = "<group>"; };
		323AC6E91E244EAA0031A2AD /* Cucumberish.h */ = {isa = PBXFileReference; fileEncoding = 4; lastKnownFileType = sourcecode.c.h; path = Cucumberish.h; sourceTree = "<group>"; };
		323AC6EA1E244EAA0031A2AD /* Cucumberish.m */ = {isa = PBXFileReference; fileEncoding = 4; lastKnownFileType = sourcecode.c.objc; path = Cucumberish.m; sourceTree = "<group>"; };
		323AC6ED1E244EAA0031A2AD /* GHAstBuilder.h */ = {isa = PBXFileReference; fileEncoding = 4; lastKnownFileType = sourcecode.c.h; path = GHAstBuilder.h; sourceTree = "<group>"; };
		323AC6EE1E244EAA0031A2AD /* GHAstBuilder.m */ = {isa = PBXFileReference; fileEncoding = 4; lastKnownFileType = sourcecode.c.objc; path = GHAstBuilder.m; sourceTree = "<group>"; };
		323AC6EF1E244EAA0031A2AD /* GHAstNode.h */ = {isa = PBXFileReference; fileEncoding = 4; lastKnownFileType = sourcecode.c.h; path = GHAstNode.h; sourceTree = "<group>"; };
		323AC6F01E244EAA0031A2AD /* GHAstNode.m */ = {isa = PBXFileReference; fileEncoding = 4; lastKnownFileType = sourcecode.c.objc; path = GHAstNode.m; sourceTree = "<group>"; };
		323AC6F11E244EAA0031A2AD /* GHBackground.h */ = {isa = PBXFileReference; fileEncoding = 4; lastKnownFileType = sourcecode.c.h; path = GHBackground.h; sourceTree = "<group>"; };
		323AC6F21E244EAA0031A2AD /* GHBackground.m */ = {isa = PBXFileReference; fileEncoding = 4; lastKnownFileType = sourcecode.c.objc; path = GHBackground.m; sourceTree = "<group>"; };
		323AC6F31E244EAA0031A2AD /* GHComment.h */ = {isa = PBXFileReference; fileEncoding = 4; lastKnownFileType = sourcecode.c.h; path = GHComment.h; sourceTree = "<group>"; };
		323AC6F41E244EAA0031A2AD /* GHComment.m */ = {isa = PBXFileReference; fileEncoding = 4; lastKnownFileType = sourcecode.c.objc; path = GHComment.m; sourceTree = "<group>"; };
		323AC6F51E244EAA0031A2AD /* GHDataTable.h */ = {isa = PBXFileReference; fileEncoding = 4; lastKnownFileType = sourcecode.c.h; path = GHDataTable.h; sourceTree = "<group>"; };
		323AC6F61E244EAA0031A2AD /* GHDataTable.m */ = {isa = PBXFileReference; fileEncoding = 4; lastKnownFileType = sourcecode.c.objc; path = GHDataTable.m; sourceTree = "<group>"; };
		323AC6F71E244EAA0031A2AD /* GHDocString.h */ = {isa = PBXFileReference; fileEncoding = 4; lastKnownFileType = sourcecode.c.h; path = GHDocString.h; sourceTree = "<group>"; };
		323AC6F81E244EAA0031A2AD /* GHDocString.m */ = {isa = PBXFileReference; fileEncoding = 4; lastKnownFileType = sourcecode.c.objc; path = GHDocString.m; sourceTree = "<group>"; };
		323AC6F91E244EAA0031A2AD /* gherkin-languages.json */ = {isa = PBXFileReference; fileEncoding = 4; lastKnownFileType = text.json; path = "gherkin-languages.json"; sourceTree = "<group>"; };
		323AC6FA1E244EAA0031A2AD /* GHExamples.h */ = {isa = PBXFileReference; fileEncoding = 4; lastKnownFileType = sourcecode.c.h; path = GHExamples.h; sourceTree = "<group>"; };
		323AC6FB1E244EAA0031A2AD /* GHExamples.m */ = {isa = PBXFileReference; fileEncoding = 4; lastKnownFileType = sourcecode.c.objc; path = GHExamples.m; sourceTree = "<group>"; };
		323AC6FC1E244EAA0031A2AD /* GHFeature.h */ = {isa = PBXFileReference; fileEncoding = 4; lastKnownFileType = sourcecode.c.h; path = GHFeature.h; sourceTree = "<group>"; };
		323AC6FD1E244EAA0031A2AD /* GHFeature.m */ = {isa = PBXFileReference; fileEncoding = 4; lastKnownFileType = sourcecode.c.objc; path = GHFeature.m; sourceTree = "<group>"; };
		323AC6FE1E244EAA0031A2AD /* GHGherkinDialect.h */ = {isa = PBXFileReference; fileEncoding = 4; lastKnownFileType = sourcecode.c.h; path = GHGherkinDialect.h; sourceTree = "<group>"; };
		323AC6FF1E244EAA0031A2AD /* GHGherkinDialect.m */ = {isa = PBXFileReference; fileEncoding = 4; lastKnownFileType = sourcecode.c.objc; path = GHGherkinDialect.m; sourceTree = "<group>"; };
		323AC7001E244EAA0031A2AD /* GHGherkinDialectProvider.h */ = {isa = PBXFileReference; fileEncoding = 4; lastKnownFileType = sourcecode.c.h; path = GHGherkinDialectProvider.h; sourceTree = "<group>"; };
		323AC7011E244EAA0031A2AD /* GHGherkinDialectProvider.m */ = {isa = PBXFileReference; fileEncoding = 4; lastKnownFileType = sourcecode.c.objc; path = GHGherkinDialectProvider.m; sourceTree = "<group>"; };
		323AC7021E244EAA0031A2AD /* GHGherkinDialectProviderProtocol.h */ = {isa = PBXFileReference; fileEncoding = 4; lastKnownFileType = sourcecode.c.h; path = GHGherkinDialectProviderProtocol.h; sourceTree = "<group>"; };
		323AC7031E244EAA0031A2AD /* GHGherkinLanguageConstants.h */ = {isa = PBXFileReference; fileEncoding = 4; lastKnownFileType = sourcecode.c.h; path = GHGherkinLanguageConstants.h; sourceTree = "<group>"; };
		323AC7041E244EAA0031A2AD /* GHGherkinLanguageConstants.m */ = {isa = PBXFileReference; fileEncoding = 4; lastKnownFileType = sourcecode.c.objc; path = GHGherkinLanguageConstants.m; sourceTree = "<group>"; };
		323AC7051E244EAA0031A2AD /* GHGherkinLanguageSetting.h */ = {isa = PBXFileReference; fileEncoding = 4; lastKnownFileType = sourcecode.c.h; path = GHGherkinLanguageSetting.h; sourceTree = "<group>"; };
		323AC7061E244EAA0031A2AD /* GHGherkinLanguageSetting.m */ = {isa = PBXFileReference; fileEncoding = 4; lastKnownFileType = sourcecode.c.objc; path = GHGherkinLanguageSetting.m; sourceTree = "<group>"; };
		323AC7071E244EAA0031A2AD /* GHGherkinLine.h */ = {isa = PBXFileReference; fileEncoding = 4; lastKnownFileType = sourcecode.c.h; path = GHGherkinLine.h; sourceTree = "<group>"; };
		323AC7081E244EAA0031A2AD /* GHGherkinLine.m */ = {isa = PBXFileReference; fileEncoding = 4; lastKnownFileType = sourcecode.c.objc; path = GHGherkinLine.m; sourceTree = "<group>"; };
		323AC7091E244EAA0031A2AD /* GHGherkinLineProtocol.h */ = {isa = PBXFileReference; fileEncoding = 4; lastKnownFileType = sourcecode.c.h; path = GHGherkinLineProtocol.h; sourceTree = "<group>"; };
		323AC70A1E244EAA0031A2AD /* GHGherkinLineSpan.h */ = {isa = PBXFileReference; fileEncoding = 4; lastKnownFileType = sourcecode.c.h; path = GHGherkinLineSpan.h; sourceTree = "<group>"; };
		323AC70B1E244EAA0031A2AD /* GHGherkinLineSpan.m */ = {isa = PBXFileReference; fileEncoding = 4; lastKnownFileType = sourcecode.c.objc; path = GHGherkinLineSpan.m; sourceTree = "<group>"; };
		323AC70C1E244EAA0031A2AD /* GHHasDescriptionProtocol.h */ = {isa = PBXFileReference; fileEncoding = 4; lastKnownFileType = sourcecode.c.h; path = GHHasDescriptionProtocol.h; sourceTree = "<group>"; };
		323AC70D1E244EAA0031A2AD /* GHHasLocationProtocol.h */ = {isa = PBXFileReference; fileEncoding = 4; lastKnownFileType = sourcecode.c.h; path = GHHasLocationProtocol.h; sourceTree = "<group>"; };
		323AC70E1E244EAA0031A2AD /* GHHasRowsProtocol.h */ = {isa = PBXFileReference; fileEncoding = 4; lastKnownFileType = sourcecode.c.h; path = GHHasRowsProtocol.h; sourceTree = "<group>"; };
		323AC70F1E244EAA0031A2AD /* GHHasStepsProtocol.h */ = {isa = PBXFileReference; fileEncoding = 4; lastKnownFileType = sourcecode.c.h; path = GHHasStepsProtocol.h; sourceTree = "<group>"; };
		323AC7101E244EAA0031A2AD /* GHHasTagsProtocol.h */ = {isa = PBXFileReference; fileEncoding = 4; lastKnownFileType = sourcecode.c.h; path = GHHasTagsProtocol.h; sourceTree = "<group>"; };
		323AC7111E244EAA0031A2AD /* GHLocation.h */ = {isa = PBXFileReference; fileEncoding = 4; lastKnownFileType = sourcecode.c.h; path = GHLocation.h; sourceTree = "<group>"; };
		323AC7121E244EAA0031A2AD /* GHLocation.m */ = {isa = PBXFileReference; fileEncoding = 4; lastKnownFileType = sourcecode.c.objc; path = GHLocation.m; sourceTree = "<group>"; };
		323AC7131E244EAA0031A2AD /* GHNode.h */ = {isa = PBXFileReference; fileEncoding = 4; lastKnownFileType = sourcecode.c.h; path = GHNode.h; sourceTree = "<group>"; };
		323AC7141E244EAA0031A2AD /* GHNode.m */ = {isa = PBXFileReference; fileEncoding = 4; lastKnownFileType = sourcecode.c.objc; path = GHNode.m; sourceTree = "<group>"; };
		323AC7151E244EAA0031A2AD /* GHParser+Extensions.h */ = {isa = PBXFileReference; fileEncoding = 4; lastKnownFileType = sourcecode.c.h; path = "GHParser+Extensions.h"; sourceTree = "<group>"; };
		323AC7161E244EAA0031A2AD /* GHParser+Extensions.m */ = {isa = PBXFileReference; fileEncoding = 4; lastKnownFileType = sourcecode.c.objc; path = "GHParser+Extensions.m"; sourceTree = "<group>"; };
		323AC7171E244EAA0031A2AD /* GHParser.h */ = {isa = PBXFileReference; fileEncoding = 4; lastKnownFileType = sourcecode.c.h; path = GHParser.h; sourceTree = "<group>"; };
		323AC7181E244EAA0031A2AD /* GHParser.m */ = {isa = PBXFileReference; fileEncoding = 4; lastKnownFileType = sourcecode.c.objc; path = GHParser.m; sourceTree = "<group>"; };
		323AC7191E244EAA0031A2AD /* GHParserException.h */ = {isa = PBXFileReference; fileEncoding = 4; lastKnownFileType = sourcecode.c.h; path = GHParserException.h; sourceTree = "<group>"; };
		323AC71A1E244EAA0031A2AD /* GHParserException.m */ = {isa = PBXFileReference; fileEncoding = 4; lastKnownFileType = sourcecode.c.objc; path = GHParserException.m; sourceTree = "<group>"; };
		323AC71B1E244EAA0031A2AD /* GHScenario.h */ = {isa = PBXFileReference; fileEncoding = 4; lastKnownFileType = sourcecode.c.h; path = GHScenario.h; sourceTree = "<group>"; };
		323AC71C1E244EAA0031A2AD /* GHScenario.m */ = {isa = PBXFileReference; fileEncoding = 4; lastKnownFileType = sourcecode.c.objc; path = GHScenario.m; sourceTree = "<group>"; };
		323AC71D1E244EAA0031A2AD /* GHScenarioDefinition.h */ = {isa = PBXFileReference; fileEncoding = 4; lastKnownFileType = sourcecode.c.h; path = GHScenarioDefinition.h; sourceTree = "<group>"; };
		323AC71E1E244EAA0031A2AD /* GHScenarioDefinition.m */ = {isa = PBXFileReference; fileEncoding = 4; lastKnownFileType = sourcecode.c.objc; path = GHScenarioDefinition.m; sourceTree = "<group>"; };
		323AC71F1E244EAA0031A2AD /* GHScenarioDefinition_Private.h */ = {isa = PBXFileReference; fileEncoding = 4; lastKnownFileType = sourcecode.c.h; path = GHScenarioDefinition_Private.h; sourceTree = "<group>"; };
		323AC7201E244EAA0031A2AD /* GHScenarioOutline.h */ = {isa = PBXFileReference; fileEncoding = 4; lastKnownFileType = sourcecode.c.h; path = GHScenarioOutline.h; sourceTree = "<group>"; };
		323AC7211E244EAA0031A2AD /* GHScenarioOutline.m */ = {isa = PBXFileReference; fileEncoding = 4; lastKnownFileType = sourcecode.c.objc; path = GHScenarioOutline.m; sourceTree = "<group>"; };
		323AC7221E244EAA0031A2AD /* GHStep.h */ = {isa = PBXFileReference; fileEncoding = 4; lastKnownFileType = sourcecode.c.h; path = GHStep.h; sourceTree = "<group>"; };
		323AC7231E244EAA0031A2AD /* GHStep.m */ = {isa = PBXFileReference; fileEncoding = 4; lastKnownFileType = sourcecode.c.objc; path = GHStep.m; sourceTree = "<group>"; };
		323AC7241E244EAA0031A2AD /* GHStepArgument.h */ = {isa = PBXFileReference; fileEncoding = 4; lastKnownFileType = sourcecode.c.h; path = GHStepArgument.h; sourceTree = "<group>"; };
		323AC7251E244EAA0031A2AD /* GHStepArgument.m */ = {isa = PBXFileReference; fileEncoding = 4; lastKnownFileType = sourcecode.c.objc; path = GHStepArgument.m; sourceTree = "<group>"; };
		323AC7261E244EAA0031A2AD /* GHTableCell.h */ = {isa = PBXFileReference; fileEncoding = 4; lastKnownFileType = sourcecode.c.h; path = GHTableCell.h; sourceTree = "<group>"; };
		323AC7271E244EAA0031A2AD /* GHTableCell.m */ = {isa = PBXFileReference; fileEncoding = 4; lastKnownFileType = sourcecode.c.objc; path = GHTableCell.m; sourceTree = "<group>"; };
		323AC7281E244EAA0031A2AD /* GHTableRow.h */ = {isa = PBXFileReference; fileEncoding = 4; lastKnownFileType = sourcecode.c.h; path = GHTableRow.h; sourceTree = "<group>"; };
		323AC7291E244EAA0031A2AD /* GHTableRow.m */ = {isa = PBXFileReference; fileEncoding = 4; lastKnownFileType = sourcecode.c.objc; path = GHTableRow.m; sourceTree = "<group>"; };
		323AC72A1E244EAA0031A2AD /* GHTag.h */ = {isa = PBXFileReference; fileEncoding = 4; lastKnownFileType = sourcecode.c.h; path = GHTag.h; sourceTree = "<group>"; };
		323AC72B1E244EAA0031A2AD /* GHTag.m */ = {isa = PBXFileReference; fileEncoding = 4; lastKnownFileType = sourcecode.c.objc; path = GHTag.m; sourceTree = "<group>"; };
		323AC72C1E244EAA0031A2AD /* GHToken.h */ = {isa = PBXFileReference; fileEncoding = 4; lastKnownFileType = sourcecode.c.h; path = GHToken.h; sourceTree = "<group>"; };
		323AC72D1E244EAA0031A2AD /* GHToken.m */ = {isa = PBXFileReference; fileEncoding = 4; lastKnownFileType = sourcecode.c.objc; path = GHToken.m; sourceTree = "<group>"; };
		323AC72E1E244EAA0031A2AD /* GHTokenMatcher.h */ = {isa = PBXFileReference; fileEncoding = 4; lastKnownFileType = sourcecode.c.h; path = GHTokenMatcher.h; sourceTree = "<group>"; };
		323AC72F1E244EAA0031A2AD /* GHTokenMatcher.m */ = {isa = PBXFileReference; fileEncoding = 4; lastKnownFileType = sourcecode.c.objc; path = GHTokenMatcher.m; sourceTree = "<group>"; };
		323AC7301E244EAA0031A2AD /* GHTokenScanner.h */ = {isa = PBXFileReference; fileEncoding = 4; lastKnownFileType = sourcecode.c.h; path = GHTokenScanner.h; sourceTree = "<group>"; };
		323AC7311E244EAA0031A2AD /* GHTokenScanner.m */ = {isa = PBXFileReference; fileEncoding = 4; lastKnownFileType = sourcecode.c.objc; path = GHTokenScanner.m; sourceTree = "<group>"; };
		323AC7321E244EAA0031A2AD /* NSString+Trim.h */ = {isa = PBXFileReference; fileEncoding = 4; lastKnownFileType = sourcecode.c.h; path = "NSString+Trim.h"; sourceTree = "<group>"; };
		323AC7331E244EAA0031A2AD /* NSString+Trim.m */ = {isa = PBXFileReference; fileEncoding = 4; lastKnownFileType = sourcecode.c.objc; path = "NSString+Trim.m"; sourceTree = "<group>"; };
		323AC7351E244EAA0031A2AD /* NSArray+Hashes.h */ = {isa = PBXFileReference; fileEncoding = 4; lastKnownFileType = sourcecode.c.h; path = "NSArray+Hashes.h"; sourceTree = "<group>"; };
		323AC7361E244EAA0031A2AD /* NSArray+Hashes.m */ = {isa = PBXFileReference; fileEncoding = 4; lastKnownFileType = sourcecode.c.objc; path = "NSArray+Hashes.m"; sourceTree = "<group>"; };
		323AC7371E244EAA0031A2AD /* NSObject+Dictionary.h */ = {isa = PBXFileReference; fileEncoding = 4; lastKnownFileType = sourcecode.c.h; path = "NSObject+Dictionary.h"; sourceTree = "<group>"; };
		323AC7381E244EAA0031A2AD /* NSObject+Dictionary.m */ = {isa = PBXFileReference; fileEncoding = 4; lastKnownFileType = sourcecode.c.objc; path = "NSObject+Dictionary.m"; sourceTree = "<group>"; };
		323AC7391E244EAA0031A2AD /* NSString+Formatter.h */ = {isa = PBXFileReference; fileEncoding = 4; lastKnownFileType = sourcecode.c.h; path = "NSString+Formatter.h"; sourceTree = "<group>"; };
		323AC73A1E244EAA0031A2AD /* NSString+Formatter.m */ = {isa = PBXFileReference; fileEncoding = 4; lastKnownFileType = sourcecode.c.objc; path = "NSString+Formatter.m"; sourceTree = "<group>"; };
		323AC76B1E244EB30031A2AD /* Features */ = {isa = PBXFileReference; lastKnownFileType = folder; path = Features; sourceTree = "<group>"; };
		442B3C91F261A3400715D638 /* Pods-IosContinuousIntegrationCucumberTests.debug.xcconfig */ = {isa = PBXFileReference; includeInIndex = 1; lastKnownFileType = text.xcconfig; name = "Pods-IosContinuousIntegrationCucumberTests.debug.xcconfig"; path = "Pods/Target Support Files/Pods-IosContinuousIntegrationCucumberTests/Pods-IosContinuousIntegrationCucumberTests.debug.xcconfig"; sourceTree = "<group>"; };
		708D116CF6BB083987AFC172 /* Pods-IosContinuousIntegration.release.xcconfig */ = {isa = PBXFileReference; includeInIndex = 1; lastKnownFileType = text.xcconfig; name = "Pods-IosContinuousIntegration.release.xcconfig"; path = "Pods/Target Support Files/Pods-IosContinuousIntegration/Pods-IosContinuousIntegration.release.xcconfig"; sourceTree = "<group>"; };
		A541A31F1BD4CFB70030333E /* fastlane */ = {isa = PBXFileReference; lastKnownFileType = folder; path = fastlane; sourceTree = "<group>"; };
		A5CDD0CB1BCE267B00E6F2BD /* IosContinuousIntegration.app */ = {isa = PBXFileReference; explicitFileType = wrapper.application; includeInIndex = 0; path = IosContinuousIntegration.app; sourceTree = BUILT_PRODUCTS_DIR; };
		A5CDD0CE1BCE267B00E6F2BD /* AppDelegate.swift */ = {isa = PBXFileReference; lastKnownFileType = sourcecode.swift; path = AppDelegate.swift; sourceTree = "<group>"; };
		A5CDD0D01BCE267B00E6F2BD /* MasterViewController.swift */ = {isa = PBXFileReference; lastKnownFileType = sourcecode.swift; path = MasterViewController.swift; sourceTree = "<group>"; };
		A5CDD0D21BCE267B00E6F2BD /* DetailViewController.swift */ = {isa = PBXFileReference; lastKnownFileType = sourcecode.swift; path = DetailViewController.swift; sourceTree = "<group>"; };
		A5CDD0D51BCE267B00E6F2BD /* Base */ = {isa = PBXFileReference; lastKnownFileType = file.storyboard; name = Base; path = Base.lproj/Main.storyboard; sourceTree = "<group>"; };
		A5CDD0D71BCE267B00E6F2BD /* Assets.xcassets */ = {isa = PBXFileReference; lastKnownFileType = folder.assetcatalog; path = Assets.xcassets; sourceTree = "<group>"; };
		A5CDD0DA1BCE267B00E6F2BD /* Base */ = {isa = PBXFileReference; lastKnownFileType = file.storyboard; name = Base; path = Base.lproj/LaunchScreen.storyboard; sourceTree = "<group>"; };
		A5CDD0DC1BCE267B00E6F2BD /* Info.plist */ = {isa = PBXFileReference; lastKnownFileType = text.plist.xml; path = Info.plist; sourceTree = "<group>"; };
		A5CDD0E11BCE267B00E6F2BD /* IosContinuousIntegrationTests.xctest */ = {isa = PBXFileReference; explicitFileType = wrapper.cfbundle; includeInIndex = 0; path = IosContinuousIntegrationTests.xctest; sourceTree = BUILT_PRODUCTS_DIR; };
		A5CDD0E51BCE267B00E6F2BD /* IosContinuousIntegrationTests.swift */ = {isa = PBXFileReference; lastKnownFileType = sourcecode.swift; path = IosContinuousIntegrationTests.swift; sourceTree = "<group>"; };
		A5CDD0E71BCE267B00E6F2BD /* Info.plist */ = {isa = PBXFileReference; lastKnownFileType = text.plist.xml; path = Info.plist; sourceTree = "<group>"; };
		A5CDD0EC1BCE267B00E6F2BD /* IosContinuousIntegrationUITests.xctest */ = {isa = PBXFileReference; explicitFileType = wrapper.cfbundle; includeInIndex = 0; path = IosContinuousIntegrationUITests.xctest; sourceTree = BUILT_PRODUCTS_DIR; };
		A5CDD0F01BCE267B00E6F2BD /* IosContinuousIntegrationUITests.swift */ = {isa = PBXFileReference; lastKnownFileType = sourcecode.swift; path = IosContinuousIntegrationUITests.swift; sourceTree = "<group>"; };
		A5CDD0F21BCE267B00E6F2BD /* Info.plist */ = {isa = PBXFileReference; lastKnownFileType = text.plist.xml; path = Info.plist; sourceTree = "<group>"; };
		AD116D27BE78FC50A7910C80 /* Pods_IosContinuousIntegrationCucumberTests.framework */ = {isa = PBXFileReference; explicitFileType = wrapper.framework; includeInIndex = 0; path = Pods_IosContinuousIntegrationCucumberTests.framework; sourceTree = BUILT_PRODUCTS_DIR; };
		CC2EC92EFFFBB57F572E7976 /* Pods_IosContinuousIntegration.framework */ = {isa = PBXFileReference; explicitFileType = wrapper.framework; includeInIndex = 0; path = Pods_IosContinuousIntegration.framework; sourceTree = BUILT_PRODUCTS_DIR; };
		E8E3155F37EDF8243B00D5AF /* Pods-IosContinuousIntegration.debug.xcconfig */ = {isa = PBXFileReference; includeInIndex = 1; lastKnownFileType = text.xcconfig; name = "Pods-IosContinuousIntegration.debug.xcconfig"; path = "Pods/Target Support Files/Pods-IosContinuousIntegration/Pods-IosContinuousIntegration.debug.xcconfig"; sourceTree = "<group>"; };
		F9A54DA54A1ADB9CE30CBCE0 /* Pods.framework */ = {isa = PBXFileReference; explicitFileType = wrapper.framework; includeInIndex = 0; path = Pods.framework; sourceTree = BUILT_PRODUCTS_DIR; };
/* End PBXFileReference section */

/* Begin PBXFrameworksBuildPhase section */
		323AC6A81E244E540031A2AD /* Frameworks */ = {
			isa = PBXFrameworksBuildPhase;
			buildActionMask = 2147483647;
			files = (
				A045EA6FABFE92B1FAFA694E /* Pods_IosContinuousIntegrationCucumberTests.framework in Frameworks */,
			);
			runOnlyForDeploymentPostprocessing = 0;
		};
		323AC6AB1E244E540031A2AD /* Frameworks */ = {
			isa = PBXFrameworksBuildPhase;
			buildActionMask = 2147483647;
			files = (
			);
			runOnlyForDeploymentPostprocessing = 0;
		};
		A5CDD0C81BCE267B00E6F2BD /* Frameworks */ = {
			isa = PBXFrameworksBuildPhase;
			buildActionMask = 2147483647;
			files = (
				CED9E3ABD7FFC907E76C1C6B /* Pods_IosContinuousIntegration.framework in Frameworks */,
			);
			runOnlyForDeploymentPostprocessing = 0;
		};
		A5CDD0DE1BCE267B00E6F2BD /* Frameworks */ = {
			isa = PBXFrameworksBuildPhase;
			buildActionMask = 2147483647;
			files = (
			);
			runOnlyForDeploymentPostprocessing = 0;
		};
		A5CDD0E91BCE267B00E6F2BD /* Frameworks */ = {
			isa = PBXFrameworksBuildPhase;
			buildActionMask = 2147483647;
			files = (
			);
			runOnlyForDeploymentPostprocessing = 0;
		};
/* End PBXFrameworksBuildPhase section */

/* Begin PBXGroup section */
		323AC6AF1E244E540031A2AD /* IosContinuousIntegrationCucumberTests */ = {
			isa = PBXGroup;
			children = (
				323AC76B1E244EB30031A2AD /* Features */,
				323AC6CC1E244EAA0031A2AD /* Cucumberish */,
				323AC6B01E244E540031A2AD /* IosContinuousIntegrationCucumberTests.swift */,
				323AC6C61E244E550031A2AD /* Info.plist */,
				323AC6B21E244E550031A2AD /* Screens */,
				323AC6B71E244E550031A2AD /* Step Definitions */,
				323AC6BA1E244E550031A2AD /* Common */,
				323AC6C11E244E550031A2AD /* Supporting Files */,
			);
			path = IosContinuousIntegrationCucumberTests;
			sourceTree = "<group>";
		};
		323AC6B21E244E550031A2AD /* Screens */ = {
			isa = PBXGroup;
			children = (
				323AC6B31E244E550031A2AD /* HomeScreen.swift */,
				323AC6B51E244E550031A2AD /* BaseScreen.swift */,
			);
			name = Screens;
			sourceTree = "<group>";
		};
		323AC6B71E244E550031A2AD /* Step Definitions */ = {
			isa = PBXGroup;
			children = (
				323AC6B81E244E550031A2AD /* HomeScreenSteps.swift */,
			);
			name = "Step Definitions";
			sourceTree = "<group>";
		};
		323AC6BA1E244E550031A2AD /* Common */ = {
			isa = PBXGroup;
			children = (
				323AC6BB1E244E550031A2AD /* Hooks.swift */,
				323AC6BD1E244E550031A2AD /* Extensions.swift */,
				323AC6BF1E244E550031A2AD /* CommonStepDefinitions.swift */,
			);
			name = Common;
			sourceTree = "<group>";
		};
		323AC6C11E244E550031A2AD /* Supporting Files */ = {
			isa = PBXGroup;
			children = (
				323AC6C21E244E550031A2AD /* IosContinuousIntegrationCucumberTests-Bridging-Header.h */,
				323AC6C31E244E550031A2AD /* IosContinuousIntegrationCucumberTests.h */,
				323AC6C41E244E550031A2AD /* IosContinuousIntegrationCucumberTests.m */,
			);
			name = "Supporting Files";
			sourceTree = "<group>";
		};
		323AC6CC1E244EAA0031A2AD /* Cucumberish */ = {
			isa = PBXGroup;
			children = (
				323AC6CD1E244EAA0031A2AD /* Core */,
				323AC6E91E244EAA0031A2AD /* Cucumberish.h */,
				323AC6EA1E244EAA0031A2AD /* Cucumberish.m */,
				323AC6EB1E244EAA0031A2AD /* Dependencies */,
				323AC7341E244EAA0031A2AD /* Utils */,
			);
			path = Cucumberish;
			sourceTree = "<group>";
		};
		323AC6CD1E244EAA0031A2AD /* Core */ = {
			isa = PBXGroup;
			children = (
				323AC6CE1E244EAA0031A2AD /* CCIBlockDefinitions.h */,
				323AC6CF1E244EAA0031A2AD /* Managers */,
				323AC6D41E244EAA0031A2AD /* Models */,
			);
			path = Core;
			sourceTree = "<group>";
		};
		323AC6CF1E244EAA0031A2AD /* Managers */ = {
			isa = PBXGroup;
			children = (
				323AC6D01E244EAA0031A2AD /* CCIFeaturesManager.h */,
				323AC6D11E244EAA0031A2AD /* CCIFeaturesManager.m */,
				323AC6D21E244EAA0031A2AD /* CCIStepsManager.h */,
				323AC6D31E244EAA0031A2AD /* CCIStepsManager.m */,
			);
			path = Managers;
			sourceTree = "<group>";
		};
		323AC6D41E244EAA0031A2AD /* Models */ = {
			isa = PBXGroup;
			children = (
				323AC6D51E244EAA0031A2AD /* CCIArgument.h */,
				323AC6D61E244EAA0031A2AD /* CCIArgument.m */,
				323AC6D71E244EAA0031A2AD /* CCIAroundHock.h */,
				323AC6D81E244EAA0031A2AD /* CCIAroundHock.m */,
				323AC6D91E244EAA0031A2AD /* CCIBackground.h */,
				323AC6DA1E244EAA0031A2AD /* CCIBackground.m */,
				323AC6DB1E244EAA0031A2AD /* CCIExample.h */,
				323AC6DC1E244EAA0031A2AD /* CCIExample.m */,
				323AC6DD1E244EAA0031A2AD /* CCIFeature.h */,
				323AC6DE1E244EAA0031A2AD /* CCIFeature.m */,
				323AC6DF1E244EAA0031A2AD /* CCIHock.h */,
				323AC6E01E244EAA0031A2AD /* CCIHock.m */,
				323AC6E11E244EAA0031A2AD /* CCILocation.h */,
				323AC6E21E244EAA0031A2AD /* CCILocation.m */,
				323AC6E31E244EAA0031A2AD /* CCIScenarioDefinition.h */,
				323AC6E41E244EAA0031A2AD /* CCIScenarioDefinition.m */,
				323AC6E51E244EAA0031A2AD /* CCIStep.h */,
				323AC6E61E244EAA0031A2AD /* CCIStep.m */,
				323AC6E71E244EAA0031A2AD /* CCIStepDefinition.h */,
				323AC6E81E244EAA0031A2AD /* CCIStepDefinition.m */,
			);
			path = Models;
			sourceTree = "<group>";
		};
		323AC6EB1E244EAA0031A2AD /* Dependencies */ = {
			isa = PBXGroup;
			children = (
				323AC6EC1E244EAA0031A2AD /* Gherkin */,
			);
			path = Dependencies;
			sourceTree = "<group>";
		};
		323AC6EC1E244EAA0031A2AD /* Gherkin */ = {
			isa = PBXGroup;
			children = (
				323AC6ED1E244EAA0031A2AD /* GHAstBuilder.h */,
				323AC6EE1E244EAA0031A2AD /* GHAstBuilder.m */,
				323AC6EF1E244EAA0031A2AD /* GHAstNode.h */,
				323AC6F01E244EAA0031A2AD /* GHAstNode.m */,
				323AC6F11E244EAA0031A2AD /* GHBackground.h */,
				323AC6F21E244EAA0031A2AD /* GHBackground.m */,
				323AC6F31E244EAA0031A2AD /* GHComment.h */,
				323AC6F41E244EAA0031A2AD /* GHComment.m */,
				323AC6F51E244EAA0031A2AD /* GHDataTable.h */,
				323AC6F61E244EAA0031A2AD /* GHDataTable.m */,
				323AC6F71E244EAA0031A2AD /* GHDocString.h */,
				323AC6F81E244EAA0031A2AD /* GHDocString.m */,
				323AC6F91E244EAA0031A2AD /* gherkin-languages.json */,
				323AC6FA1E244EAA0031A2AD /* GHExamples.h */,
				323AC6FB1E244EAA0031A2AD /* GHExamples.m */,
				323AC6FC1E244EAA0031A2AD /* GHFeature.h */,
				323AC6FD1E244EAA0031A2AD /* GHFeature.m */,
				323AC6FE1E244EAA0031A2AD /* GHGherkinDialect.h */,
				323AC6FF1E244EAA0031A2AD /* GHGherkinDialect.m */,
				323AC7001E244EAA0031A2AD /* GHGherkinDialectProvider.h */,
				323AC7011E244EAA0031A2AD /* GHGherkinDialectProvider.m */,
				323AC7021E244EAA0031A2AD /* GHGherkinDialectProviderProtocol.h */,
				323AC7031E244EAA0031A2AD /* GHGherkinLanguageConstants.h */,
				323AC7041E244EAA0031A2AD /* GHGherkinLanguageConstants.m */,
				323AC7051E244EAA0031A2AD /* GHGherkinLanguageSetting.h */,
				323AC7061E244EAA0031A2AD /* GHGherkinLanguageSetting.m */,
				323AC7071E244EAA0031A2AD /* GHGherkinLine.h */,
				323AC7081E244EAA0031A2AD /* GHGherkinLine.m */,
				323AC7091E244EAA0031A2AD /* GHGherkinLineProtocol.h */,
				323AC70A1E244EAA0031A2AD /* GHGherkinLineSpan.h */,
				323AC70B1E244EAA0031A2AD /* GHGherkinLineSpan.m */,
				323AC70C1E244EAA0031A2AD /* GHHasDescriptionProtocol.h */,
				323AC70D1E244EAA0031A2AD /* GHHasLocationProtocol.h */,
				323AC70E1E244EAA0031A2AD /* GHHasRowsProtocol.h */,
				323AC70F1E244EAA0031A2AD /* GHHasStepsProtocol.h */,
				323AC7101E244EAA0031A2AD /* GHHasTagsProtocol.h */,
				323AC7111E244EAA0031A2AD /* GHLocation.h */,
				323AC7121E244EAA0031A2AD /* GHLocation.m */,
				323AC7131E244EAA0031A2AD /* GHNode.h */,
				323AC7141E244EAA0031A2AD /* GHNode.m */,
				323AC7151E244EAA0031A2AD /* GHParser+Extensions.h */,
				323AC7161E244EAA0031A2AD /* GHParser+Extensions.m */,
				323AC7171E244EAA0031A2AD /* GHParser.h */,
				323AC7181E244EAA0031A2AD /* GHParser.m */,
				323AC7191E244EAA0031A2AD /* GHParserException.h */,
				323AC71A1E244EAA0031A2AD /* GHParserException.m */,
				323AC71B1E244EAA0031A2AD /* GHScenario.h */,
				323AC71C1E244EAA0031A2AD /* GHScenario.m */,
				323AC71D1E244EAA0031A2AD /* GHScenarioDefinition.h */,
				323AC71E1E244EAA0031A2AD /* GHScenarioDefinition.m */,
				323AC71F1E244EAA0031A2AD /* GHScenarioDefinition_Private.h */,
				323AC7201E244EAA0031A2AD /* GHScenarioOutline.h */,
				323AC7211E244EAA0031A2AD /* GHScenarioOutline.m */,
				323AC7221E244EAA0031A2AD /* GHStep.h */,
				323AC7231E244EAA0031A2AD /* GHStep.m */,
				323AC7241E244EAA0031A2AD /* GHStepArgument.h */,
				323AC7251E244EAA0031A2AD /* GHStepArgument.m */,
				323AC7261E244EAA0031A2AD /* GHTableCell.h */,
				323AC7271E244EAA0031A2AD /* GHTableCell.m */,
				323AC7281E244EAA0031A2AD /* GHTableRow.h */,
				323AC7291E244EAA0031A2AD /* GHTableRow.m */,
				323AC72A1E244EAA0031A2AD /* GHTag.h */,
				323AC72B1E244EAA0031A2AD /* GHTag.m */,
				323AC72C1E244EAA0031A2AD /* GHToken.h */,
				323AC72D1E244EAA0031A2AD /* GHToken.m */,
				323AC72E1E244EAA0031A2AD /* GHTokenMatcher.h */,
				323AC72F1E244EAA0031A2AD /* GHTokenMatcher.m */,
				323AC7301E244EAA0031A2AD /* GHTokenScanner.h */,
				323AC7311E244EAA0031A2AD /* GHTokenScanner.m */,
				323AC7321E244EAA0031A2AD /* NSString+Trim.h */,
				323AC7331E244EAA0031A2AD /* NSString+Trim.m */,
			);
			path = Gherkin;
			sourceTree = "<group>";
		};
		323AC7341E244EAA0031A2AD /* Utils */ = {
			isa = PBXGroup;
			children = (
				323AC7351E244EAA0031A2AD /* NSArray+Hashes.h */,
				323AC7361E244EAA0031A2AD /* NSArray+Hashes.m */,
				323AC7371E244EAA0031A2AD /* NSObject+Dictionary.h */,
				323AC7381E244EAA0031A2AD /* NSObject+Dictionary.m */,
				323AC7391E244EAA0031A2AD /* NSString+Formatter.h */,
				323AC73A1E244EAA0031A2AD /* NSString+Formatter.m */,
			);
			path = Utils;
			sourceTree = "<group>";
		};
		7DFBFD312265E6DF9EAE4704 /* Pods */ = {
			isa = PBXGroup;
			children = (
				E8E3155F37EDF8243B00D5AF /* Pods-IosContinuousIntegration.debug.xcconfig */,
				708D116CF6BB083987AFC172 /* Pods-IosContinuousIntegration.release.xcconfig */,
				442B3C91F261A3400715D638 /* Pods-IosContinuousIntegrationCucumberTests.debug.xcconfig */,
				0EC919374653CC2BD0A770D0 /* Pods-IosContinuousIntegrationCucumberTests.release.xcconfig */,
			);
			name = Pods;
			sourceTree = "<group>";
		};
		A5CDD0C21BCE267B00E6F2BD = {
			isa = PBXGroup;
			children = (
				A541A31F1BD4CFB70030333E /* fastlane */,
				A5CDD0CD1BCE267B00E6F2BD /* IosContinuousIntegration */,
				A5CDD0E41BCE267B00E6F2BD /* IosContinuousIntegrationTests */,
				A5CDD0EF1BCE267B00E6F2BD /* IosContinuousIntegrationUITests */,
				323AC6AF1E244E540031A2AD /* IosContinuousIntegrationCucumberTests */,
				A5CDD0CC1BCE267B00E6F2BD /* Products */,
				B4A17474951DC36718A95042 /* Frameworks */,
				7DFBFD312265E6DF9EAE4704 /* Pods */,
			);
			sourceTree = "<group>";
		};
		A5CDD0CC1BCE267B00E6F2BD /* Products */ = {
			isa = PBXGroup;
			children = (
				A5CDD0CB1BCE267B00E6F2BD /* IosContinuousIntegration.app */,
				A5CDD0E11BCE267B00E6F2BD /* IosContinuousIntegrationTests.xctest */,
				A5CDD0EC1BCE267B00E6F2BD /* IosContinuousIntegrationUITests.xctest */,
				323AC6AE1E244E540031A2AD /* IosContinuousIntegrationCucumberTests.xctest */,
			);
			name = Products;
			sourceTree = "<group>";
		};
		A5CDD0CD1BCE267B00E6F2BD /* IosContinuousIntegration */ = {
			isa = PBXGroup;
			children = (
				A5CDD0CE1BCE267B00E6F2BD /* AppDelegate.swift */,
				A5CDD0D01BCE267B00E6F2BD /* MasterViewController.swift */,
				A5CDD0D21BCE267B00E6F2BD /* DetailViewController.swift */,
				A5CDD0D41BCE267B00E6F2BD /* Main.storyboard */,
				A5CDD0D71BCE267B00E6F2BD /* Assets.xcassets */,
				A5CDD0D91BCE267B00E6F2BD /* LaunchScreen.storyboard */,
				A5CDD0DC1BCE267B00E6F2BD /* Info.plist */,
			);
			path = IosContinuousIntegration;
			sourceTree = "<group>";
		};
		A5CDD0E41BCE267B00E6F2BD /* IosContinuousIntegrationTests */ = {
			isa = PBXGroup;
			children = (
				A5CDD0E51BCE267B00E6F2BD /* IosContinuousIntegrationTests.swift */,
				A5CDD0E71BCE267B00E6F2BD /* Info.plist */,
			);
			path = IosContinuousIntegrationTests;
			sourceTree = "<group>";
		};
		A5CDD0EF1BCE267B00E6F2BD /* IosContinuousIntegrationUITests */ = {
			isa = PBXGroup;
			children = (
				A5CDD0F01BCE267B00E6F2BD /* IosContinuousIntegrationUITests.swift */,
				A5CDD0F21BCE267B00E6F2BD /* Info.plist */,
			);
			path = IosContinuousIntegrationUITests;
			sourceTree = "<group>";
		};
		B4A17474951DC36718A95042 /* Frameworks */ = {
			isa = PBXGroup;
			children = (
				F9A54DA54A1ADB9CE30CBCE0 /* Pods.framework */,
				CC2EC92EFFFBB57F572E7976 /* Pods_IosContinuousIntegration.framework */,
				AD116D27BE78FC50A7910C80 /* Pods_IosContinuousIntegrationCucumberTests.framework */,
			);
			name = Frameworks;
			sourceTree = "<group>";
		};
/* End PBXGroup section */

/* Begin PBXNativeTarget section */
		323AC6AD1E244E540031A2AD /* IosContinuousIntegrationCucumberTests */ = {
			isa = PBXNativeTarget;
			buildConfigurationList = 323AC6C91E244E550031A2AD /* Build configuration list for PBXNativeTarget "IosContinuousIntegrationCucumberTests" */;
			buildPhases = (
				0BFB1E025331C90D64074C0C /* [CP] Check Pods Manifest.lock */,
				323AC6A71E244E540031A2AD /* Sources */,
				323AC6A81E244E540031A2AD /* Frameworks */,
				323AC6A91E244E540031A2AD /* Resources */,
				323AC6AA1E244E540031A2AD /* Sources */,
				323AC6AB1E244E540031A2AD /* Frameworks */,
				323AC6AC1E244E540031A2AD /* Resources */,
				3835081DB6A06C69F8ACF309 /* [CP] Embed Pods Frameworks */,
				031D18B0676C98C3CE5FBDF8 /* [CP] Copy Pods Resources */,
			);
			buildRules = (
			);
			dependencies = (
				323AC6C81E244E550031A2AD /* PBXTargetDependency */,
			);
			name = IosContinuousIntegrationCucumberTests;
			productName = IosContinuousIntegrationCucumberTests;
			productReference = 323AC6AE1E244E540031A2AD /* IosContinuousIntegrationCucumberTests.xctest */;
			productType = "com.apple.product-type.bundle.ui-testing";
		};
		A5CDD0CA1BCE267B00E6F2BD /* IosContinuousIntegration */ = {
			isa = PBXNativeTarget;
			buildConfigurationList = A5CDD0F51BCE267B00E6F2BD /* Build configuration list for PBXNativeTarget "IosContinuousIntegration" */;
			buildPhases = (
				9B73ADE3BFA47408EB0EEEA5 /* [CP] Check Pods Manifest.lock */,
				A5CDD0C71BCE267B00E6F2BD /* Sources */,
				A5CDD0C81BCE267B00E6F2BD /* Frameworks */,
				A5CDD0C91BCE267B00E6F2BD /* Resources */,
				230783E1B6C5573A3B091175 /* [CP] Embed Pods Frameworks */,
				336079C9FA2A67E6F66C2ECF /* [CP] Copy Pods Resources */,
			);
			buildRules = (
			);
			dependencies = (
			);
			name = IosContinuousIntegration;
			productName = IosContinuousIntegration;
			productReference = A5CDD0CB1BCE267B00E6F2BD /* IosContinuousIntegration.app */;
			productType = "com.apple.product-type.application";
		};
		A5CDD0E01BCE267B00E6F2BD /* IosContinuousIntegrationTests */ = {
			isa = PBXNativeTarget;
			buildConfigurationList = A5CDD0F81BCE267B00E6F2BD /* Build configuration list for PBXNativeTarget "IosContinuousIntegrationTests" */;
			buildPhases = (
				A5CDD0DD1BCE267B00E6F2BD /* Sources */,
				A5CDD0DE1BCE267B00E6F2BD /* Frameworks */,
				A5CDD0DF1BCE267B00E6F2BD /* Resources */,
			);
			buildRules = (
			);
			dependencies = (
				A5CDD0E31BCE267B00E6F2BD /* PBXTargetDependency */,
			);
			name = IosContinuousIntegrationTests;
			productName = IosContinuousIntegrationTests;
			productReference = A5CDD0E11BCE267B00E6F2BD /* IosContinuousIntegrationTests.xctest */;
			productType = "com.apple.product-type.bundle.unit-test";
		};
		A5CDD0EB1BCE267B00E6F2BD /* IosContinuousIntegrationUITests */ = {
			isa = PBXNativeTarget;
			buildConfigurationList = A5CDD0FB1BCE267B00E6F2BD /* Build configuration list for PBXNativeTarget "IosContinuousIntegrationUITests" */;
			buildPhases = (
				A5CDD0E81BCE267B00E6F2BD /* Sources */,
				A5CDD0E91BCE267B00E6F2BD /* Frameworks */,
				A5CDD0EA1BCE267B00E6F2BD /* Resources */,
			);
			buildRules = (
			);
			dependencies = (
				A5CDD0EE1BCE267B00E6F2BD /* PBXTargetDependency */,
			);
			name = IosContinuousIntegrationUITests;
			productName = IosContinuousIntegrationUITests;
			productReference = A5CDD0EC1BCE267B00E6F2BD /* IosContinuousIntegrationUITests.xctest */;
			productType = "com.apple.product-type.bundle.ui-testing";
		};
/* End PBXNativeTarget section */

/* Begin PBXProject section */
		A5CDD0C31BCE267B00E6F2BD /* Project object */ = {
			isa = PBXProject;
			attributes = {
				LastSwiftUpdateCheck = 0820;
				LastUpgradeCheck = 0820;
				ORGANIZATIONNAME = "Adrien Nicolet";
				TargetAttributes = {
					323AC6AD1E244E540031A2AD = {
						CreatedOnToolsVersion = 8.2.1;
						DevelopmentTeam = 8D596865QB;
						ProvisioningStyle = Automatic;
						TestTargetID = A5CDD0CA1BCE267B00E6F2BD;
					};
					A5CDD0CA1BCE267B00E6F2BD = {
						CreatedOnToolsVersion = 7.0.1;
						DevelopmentTeam = 8D596865QB;
						LastSwiftMigration = 0820;
					};
					A5CDD0E01BCE267B00E6F2BD = {
						CreatedOnToolsVersion = 7.0.1;
						DevelopmentTeam = 8D596865QB;
						LastSwiftMigration = 0820;
						TestTargetID = A5CDD0CA1BCE267B00E6F2BD;
					};
					A5CDD0EB1BCE267B00E6F2BD = {
						CreatedOnToolsVersion = 7.0.1;
						DevelopmentTeam = 8D596865QB;
						LastSwiftMigration = 0820;
						TestTargetID = A5CDD0CA1BCE267B00E6F2BD;
					};
				};
			};
			buildConfigurationList = A5CDD0C61BCE267B00E6F2BD /* Build configuration list for PBXProject "IosContinuousIntegration" */;
			compatibilityVersion = "Xcode 3.2";
			developmentRegion = English;
			hasScannedForEncodings = 0;
			knownRegions = (
				en,
				Base,
			);
			mainGroup = A5CDD0C21BCE267B00E6F2BD;
			productRefGroup = A5CDD0CC1BCE267B00E6F2BD /* Products */;
			projectDirPath = "";
			projectRoot = "";
			targets = (
				A5CDD0CA1BCE267B00E6F2BD /* IosContinuousIntegration */,
				A5CDD0E01BCE267B00E6F2BD /* IosContinuousIntegrationTests */,
				A5CDD0EB1BCE267B00E6F2BD /* IosContinuousIntegrationUITests */,
				323AC6AD1E244E540031A2AD /* IosContinuousIntegrationCucumberTests */,
			);
		};
/* End PBXProject section */

/* Begin PBXResourcesBuildPhase section */
		323AC6A91E244E540031A2AD /* Resources */ = {
			isa = PBXResourcesBuildPhase;
			buildActionMask = 2147483647;
			files = (
				323AC74E1E244EAA0031A2AD /* gherkin-languages.json in Resources */,
				323AC76C1E244EB30031A2AD /* Features in Resources */,
			);
			runOnlyForDeploymentPostprocessing = 0;
		};
		323AC6AC1E244E540031A2AD /* Resources */ = {
			isa = PBXResourcesBuildPhase;
			buildActionMask = 2147483647;
			files = (
			);
			runOnlyForDeploymentPostprocessing = 0;
		};
		A5CDD0C91BCE267B00E6F2BD /* Resources */ = {
			isa = PBXResourcesBuildPhase;
			buildActionMask = 2147483647;
			files = (
				A5CDD0DB1BCE267B00E6F2BD /* LaunchScreen.storyboard in Resources */,
				A5CDD0D81BCE267B00E6F2BD /* Assets.xcassets in Resources */,
				A541A3201BD4CFB70030333E /* fastlane in Resources */,
				A5CDD0D61BCE267B00E6F2BD /* Main.storyboard in Resources */,
			);
			runOnlyForDeploymentPostprocessing = 0;
		};
		A5CDD0DF1BCE267B00E6F2BD /* Resources */ = {
			isa = PBXResourcesBuildPhase;
			buildActionMask = 2147483647;
			files = (
			);
			runOnlyForDeploymentPostprocessing = 0;
		};
		A5CDD0EA1BCE267B00E6F2BD /* Resources */ = {
			isa = PBXResourcesBuildPhase;
			buildActionMask = 2147483647;
			files = (
			);
			runOnlyForDeploymentPostprocessing = 0;
		};
/* End PBXResourcesBuildPhase section */

/* Begin PBXShellScriptBuildPhase section */
		031D18B0676C98C3CE5FBDF8 /* [CP] Copy Pods Resources */ = {
			isa = PBXShellScriptBuildPhase;
			buildActionMask = 2147483647;
			files = (
			);
			inputPaths = (
			);
			name = "[CP] Copy Pods Resources";
			outputPaths = (
			);
			runOnlyForDeploymentPostprocessing = 0;
			shellPath = /bin/sh;
			shellScript = "\"${SRCROOT}/Pods/Target Support Files/Pods-IosContinuousIntegrationCucumberTests/Pods-IosContinuousIntegrationCucumberTests-resources.sh\"\n";
			showEnvVarsInLog = 0;
		};
		0BFB1E025331C90D64074C0C /* [CP] Check Pods Manifest.lock */ = {
			isa = PBXShellScriptBuildPhase;
			buildActionMask = 2147483647;
			files = (
			);
			inputPaths = (
			);
			name = "[CP] Check Pods Manifest.lock";
			outputPaths = (
			);
			runOnlyForDeploymentPostprocessing = 0;
			shellPath = /bin/sh;
			shellScript = "diff \"${PODS_ROOT}/../Podfile.lock\" \"${PODS_ROOT}/Manifest.lock\" > /dev/null\nif [ $? != 0 ] ; then\n    # print error to STDERR\n    echo \"error: The sandbox is not in sync with the Podfile.lock. Run 'pod install' or update your CocoaPods installation.\" >&2\n    exit 1\nfi\n";
			showEnvVarsInLog = 0;
		};
		230783E1B6C5573A3B091175 /* [CP] Embed Pods Frameworks */ = {
			isa = PBXShellScriptBuildPhase;
			buildActionMask = 2147483647;
			files = (
			);
			inputPaths = (
			);
			name = "[CP] Embed Pods Frameworks";
			outputPaths = (
			);
			runOnlyForDeploymentPostprocessing = 0;
			shellPath = /bin/sh;
			shellScript = "\"${SRCROOT}/Pods/Target Support Files/Pods-IosContinuousIntegration/Pods-IosContinuousIntegration-frameworks.sh\"\n";
			showEnvVarsInLog = 0;
		};
		336079C9FA2A67E6F66C2ECF /* [CP] Copy Pods Resources */ = {
			isa = PBXShellScriptBuildPhase;
			buildActionMask = 2147483647;
			files = (
			);
			inputPaths = (
			);
			name = "[CP] Copy Pods Resources";
			outputPaths = (
			);
			runOnlyForDeploymentPostprocessing = 0;
			shellPath = /bin/sh;
			shellScript = "\"${SRCROOT}/Pods/Target Support Files/Pods-IosContinuousIntegration/Pods-IosContinuousIntegration-resources.sh\"\n";
			showEnvVarsInLog = 0;
		};
		3835081DB6A06C69F8ACF309 /* [CP] Embed Pods Frameworks */ = {
			isa = PBXShellScriptBuildPhase;
			buildActionMask = 2147483647;
			files = (
			);
			inputPaths = (
			);
			name = "[CP] Embed Pods Frameworks";
			outputPaths = (
			);
			runOnlyForDeploymentPostprocessing = 0;
			shellPath = /bin/sh;
			shellScript = "\"${SRCROOT}/Pods/Target Support Files/Pods-IosContinuousIntegrationCucumberTests/Pods-IosContinuousIntegrationCucumberTests-frameworks.sh\"\n";
			showEnvVarsInLog = 0;
		};
		9B73ADE3BFA47408EB0EEEA5 /* [CP] Check Pods Manifest.lock */ = {
			isa = PBXShellScriptBuildPhase;
			buildActionMask = 2147483647;
			files = (
			);
			inputPaths = (
			);
			name = "[CP] Check Pods Manifest.lock";
			outputPaths = (
			);
			runOnlyForDeploymentPostprocessing = 0;
			shellPath = /bin/sh;
			shellScript = "diff \"${PODS_ROOT}/../Podfile.lock\" \"${PODS_ROOT}/Manifest.lock\" > /dev/null\nif [ $? != 0 ] ; then\n    # print error to STDERR\n    echo \"error: The sandbox is not in sync with the Podfile.lock. Run 'pod install' or update your CocoaPods installation.\" >&2\n    exit 1\nfi\n";
			showEnvVarsInLog = 0;
		};
/* End PBXShellScriptBuildPhase section */

/* Begin PBXSourcesBuildPhase section */
		323AC6A71E244E540031A2AD /* Sources */ = {
			isa = PBXSourcesBuildPhase;
			buildActionMask = 2147483647;
			files = (
				323AC7541E244EAA0031A2AD /* GHGherkinLanguageSetting.m in Sources */,
				323AC75E1E244EAA0031A2AD /* GHScenarioOutline.m in Sources */,
				323AC7551E244EAA0031A2AD /* GHGherkinLine.m in Sources */,
				323AC6B91E244E550031A2AD /* HomeScreenSteps.swift in Sources */,
				323AC6C51E244E550031A2AD /* IosContinuousIntegrationCucumberTests.m in Sources */,
				323AC6BE1E244E550031A2AD /* Extensions.swift in Sources */,
				323AC7411E244EAA0031A2AD /* CCIFeature.m in Sources */,
				323AC7651E244EAA0031A2AD /* GHTokenMatcher.m in Sources */,
				323AC73F1E244EAA0031A2AD /* CCIBackground.m in Sources */,
				323AC7691E244EAA0031A2AD /* NSObject+Dictionary.m in Sources */,
				323AC7601E244EAA0031A2AD /* GHStepArgument.m in Sources */,
				323AC7571E244EAA0031A2AD /* GHLocation.m in Sources */,
				323AC7481E244EAA0031A2AD /* GHAstBuilder.m in Sources */,
				323AC75B1E244EAA0031A2AD /* GHParserException.m in Sources */,
				323AC7581E244EAA0031A2AD /* GHNode.m in Sources */,
				323AC73E1E244EAA0031A2AD /* CCIAroundHock.m in Sources */,
				323AC6B41E244E550031A2AD /* HomeScreen.swift in Sources */,
				323AC74A1E244EAA0031A2AD /* GHBackground.m in Sources */,
				323AC75C1E244EAA0031A2AD /* GHScenario.m in Sources */,
				323AC7681E244EAA0031A2AD /* NSArray+Hashes.m in Sources */,
				323AC74F1E244EAA0031A2AD /* GHExamples.m in Sources */,
				323AC7521E244EAA0031A2AD /* GHGherkinDialectProvider.m in Sources */,
				323AC7561E244EAA0031A2AD /* GHGherkinLineSpan.m in Sources */,
				323AC74D1E244EAA0031A2AD /* GHDocString.m in Sources */,
				323AC73B1E244EAA0031A2AD /* CCIFeaturesManager.m in Sources */,
				323AC74B1E244EAA0031A2AD /* GHComment.m in Sources */,
				323AC75F1E244EAA0031A2AD /* GHStep.m in Sources */,
				323AC7421E244EAA0031A2AD /* CCIHock.m in Sources */,
				323AC7661E244EAA0031A2AD /* GHTokenScanner.m in Sources */,
				323AC75A1E244EAA0031A2AD /* GHParser.m in Sources */,
				323AC7531E244EAA0031A2AD /* GHGherkinLanguageConstants.m in Sources */,
				323AC7611E244EAA0031A2AD /* GHTableCell.m in Sources */,
				323AC6B11E244E540031A2AD /* IosContinuousIntegrationCucumberTests.swift in Sources */,
				323AC7461E244EAA0031A2AD /* CCIStepDefinition.m in Sources */,
				323AC6B61E244E550031A2AD /* BaseScreen.swift in Sources */,
				323AC7621E244EAA0031A2AD /* GHTableRow.m in Sources */,
				323AC7501E244EAA0031A2AD /* GHFeature.m in Sources */,
				323AC7591E244EAA0031A2AD /* GHParser+Extensions.m in Sources */,
				323AC7641E244EAA0031A2AD /* GHToken.m in Sources */,
				323AC73C1E244EAA0031A2AD /* CCIStepsManager.m in Sources */,
				323AC7401E244EAA0031A2AD /* CCIExample.m in Sources */,
				323AC76A1E244EAA0031A2AD /* NSString+Formatter.m in Sources */,
				323AC7431E244EAA0031A2AD /* CCILocation.m in Sources */,
				323AC7451E244EAA0031A2AD /* CCIStep.m in Sources */,
				323AC7671E244EAA0031A2AD /* NSString+Trim.m in Sources */,
				323AC7441E244EAA0031A2AD /* CCIScenarioDefinition.m in Sources */,
				323AC7471E244EAA0031A2AD /* Cucumberish.m in Sources */,
				323AC6BC1E244E550031A2AD /* Hooks.swift in Sources */,
				323AC6C01E244E550031A2AD /* CommonStepDefinitions.swift in Sources */,
				323AC7491E244EAA0031A2AD /* GHAstNode.m in Sources */,
				323AC73D1E244EAA0031A2AD /* CCIArgument.m in Sources */,
				323AC7511E244EAA0031A2AD /* GHGherkinDialect.m in Sources */,
				323AC7631E244EAA0031A2AD /* GHTag.m in Sources */,
				323AC74C1E244EAA0031A2AD /* GHDataTable.m in Sources */,
				323AC75D1E244EAA0031A2AD /* GHScenarioDefinition.m in Sources */,
			);
			runOnlyForDeploymentPostprocessing = 0;
		};
		323AC6AA1E244E540031A2AD /* Sources */ = {
			isa = PBXSourcesBuildPhase;
			buildActionMask = 2147483647;
			files = (
			);
			runOnlyForDeploymentPostprocessing = 0;
		};
		A5CDD0C71BCE267B00E6F2BD /* Sources */ = {
			isa = PBXSourcesBuildPhase;
			buildActionMask = 2147483647;
			files = (
				A5CDD0D31BCE267B00E6F2BD /* DetailViewController.swift in Sources */,
				A5CDD0D11BCE267B00E6F2BD /* MasterViewController.swift in Sources */,
				A5CDD0CF1BCE267B00E6F2BD /* AppDelegate.swift in Sources */,
			);
			runOnlyForDeploymentPostprocessing = 0;
		};
		A5CDD0DD1BCE267B00E6F2BD /* Sources */ = {
			isa = PBXSourcesBuildPhase;
			buildActionMask = 2147483647;
			files = (
				A5CDD0E61BCE267B00E6F2BD /* IosContinuousIntegrationTests.swift in Sources */,
			);
			runOnlyForDeploymentPostprocessing = 0;
		};
		A5CDD0E81BCE267B00E6F2BD /* Sources */ = {
			isa = PBXSourcesBuildPhase;
			buildActionMask = 2147483647;
			files = (
				A5CDD0F11BCE267B00E6F2BD /* IosContinuousIntegrationUITests.swift in Sources */,
			);
			runOnlyForDeploymentPostprocessing = 0;
		};
/* End PBXSourcesBuildPhase section */

/* Begin PBXTargetDependency section */
		323AC6C81E244E550031A2AD /* PBXTargetDependency */ = {
			isa = PBXTargetDependency;
			target = A5CDD0CA1BCE267B00E6F2BD /* IosContinuousIntegration */;
			targetProxy = 323AC6C71E244E550031A2AD /* PBXContainerItemProxy */;
		};
		A5CDD0E31BCE267B00E6F2BD /* PBXTargetDependency */ = {
			isa = PBXTargetDependency;
			target = A5CDD0CA1BCE267B00E6F2BD /* IosContinuousIntegration */;
			targetProxy = A5CDD0E21BCE267B00E6F2BD /* PBXContainerItemProxy */;
		};
		A5CDD0EE1BCE267B00E6F2BD /* PBXTargetDependency */ = {
			isa = PBXTargetDependency;
			target = A5CDD0CA1BCE267B00E6F2BD /* IosContinuousIntegration */;
			targetProxy = A5CDD0ED1BCE267B00E6F2BD /* PBXContainerItemProxy */;
		};
/* End PBXTargetDependency section */

/* Begin PBXVariantGroup section */
		A5CDD0D41BCE267B00E6F2BD /* Main.storyboard */ = {
			isa = PBXVariantGroup;
			children = (
				A5CDD0D51BCE267B00E6F2BD /* Base */,
			);
			name = Main.storyboard;
			sourceTree = "<group>";
		};
		A5CDD0D91BCE267B00E6F2BD /* LaunchScreen.storyboard */ = {
			isa = PBXVariantGroup;
			children = (
				A5CDD0DA1BCE267B00E6F2BD /* Base */,
			);
			name = LaunchScreen.storyboard;
			sourceTree = "<group>";
		};
/* End PBXVariantGroup section */

/* Begin XCBuildConfiguration section */
		323AC6CA1E244E550031A2AD /* Debug */ = {
			isa = XCBuildConfiguration;
			baseConfigurationReference = 442B3C91F261A3400715D638 /* Pods-IosContinuousIntegrationCucumberTests.debug.xcconfig */;
			buildSettings = {
				CLANG_ANALYZER_NONNULL = YES;
				CLANG_WARN_DOCUMENTATION_COMMENTS = YES;
				DEVELOPMENT_TEAM = 8D596865QB;
				GCC_PREPROCESSOR_DEFINITIONS = (
					"DEBUG=1",
					"$(inherited)",
					"SRC_ROOT=@\\\"$(SRCROOT)\\\"",
				);
				INFOPLIST_FILE = IosContinuousIntegrationCucumberTests/Info.plist;
				IPHONEOS_DEPLOYMENT_TARGET = 10.2;
				LD_RUNPATH_SEARCH_PATHS = "$(inherited) @executable_path/Frameworks @loader_path/Frameworks";
				PRODUCT_BUNDLE_IDENTIFIER = DD.IosContinuousIntegrationCucumberTests;
				PRODUCT_NAME = "$(TARGET_NAME)";
				SRC_ROOT = "@\\\"$(SRCROOT)\\\"";
				SWIFT_ACTIVE_COMPILATION_CONDITIONS = DEBUG;
				SWIFT_OBJC_BRIDGING_HEADER = "IosContinuousIntegrationCucumberTests/IosContinuousIntegrationCucumberTests-Bridging-Header.h";
				SWIFT_VERSION = 3.0;
				TEST_TARGET_NAME = IosContinuousIntegration;
			};
			name = Debug;
		};
		323AC6CB1E244E550031A2AD /* Release */ = {
			isa = XCBuildConfiguration;
			baseConfigurationReference = 0EC919374653CC2BD0A770D0 /* Pods-IosContinuousIntegrationCucumberTests.release.xcconfig */;
			buildSettings = {
				CLANG_ANALYZER_NONNULL = YES;
				CLANG_WARN_DOCUMENTATION_COMMENTS = YES;
				DEVELOPMENT_TEAM = 8D596865QB;
				GCC_PREPROCESSOR_DEFINITIONS = (
					"DEBUG=1",
					"$(inherited)",
					"SRC_ROOT=@\\\"$(SRCROOT)\\\"",
				);
				INFOPLIST_FILE = IosContinuousIntegrationCucumberTests/Info.plist;
				IPHONEOS_DEPLOYMENT_TARGET = 10.2;
				LD_RUNPATH_SEARCH_PATHS = "$(inherited) @executable_path/Frameworks @loader_path/Frameworks";
				PRODUCT_BUNDLE_IDENTIFIER = DD.IosContinuousIntegrationCucumberTests;
				PRODUCT_NAME = "$(TARGET_NAME)";
				SWIFT_OBJC_BRIDGING_HEADER = "IosContinuousIntegrationCucumberTests/IosContinuousIntegrationCucumberTests-Bridging-Header.h";
				SWIFT_VERSION = 3.0;
				TEST_TARGET_NAME = IosContinuousIntegration;
			};
			name = Release;
		};
		A5CDD0F31BCE267B00E6F2BD /* Debug */ = {
			isa = XCBuildConfiguration;
			buildSettings = {
				ALWAYS_SEARCH_USER_PATHS = NO;
				CLANG_CXX_LANGUAGE_STANDARD = "gnu++0x";
				CLANG_CXX_LIBRARY = "libc++";
				CLANG_ENABLE_MODULES = YES;
				CLANG_ENABLE_OBJC_ARC = YES;
				CLANG_WARN_BOOL_CONVERSION = YES;
				CLANG_WARN_CONSTANT_CONVERSION = YES;
				CLANG_WARN_DIRECT_OBJC_ISA_USAGE = YES_ERROR;
				CLANG_WARN_EMPTY_BODY = YES;
				CLANG_WARN_ENUM_CONVERSION = YES;
				CLANG_WARN_INFINITE_RECURSION = YES;
				CLANG_WARN_INT_CONVERSION = YES;
				CLANG_WARN_OBJC_ROOT_CLASS = YES_ERROR;
				CLANG_WARN_SUSPICIOUS_MOVE = YES;
				CLANG_WARN_UNREACHABLE_CODE = YES;
				CLANG_WARN__DUPLICATE_METHOD_MATCH = YES;
				"CODE_SIGN_IDENTITY[sdk=iphoneos*]" = "iPhone Developer";
				COPY_PHASE_STRIP = NO;
				DEBUG_INFORMATION_FORMAT = dwarf;
				ENABLE_STRICT_OBJC_MSGSEND = YES;
				ENABLE_TESTABILITY = YES;
				GCC_C_LANGUAGE_STANDARD = gnu99;
				GCC_DYNAMIC_NO_PIC = NO;
				GCC_NO_COMMON_BLOCKS = YES;
				GCC_OPTIMIZATION_LEVEL = 0;
				GCC_PREPROCESSOR_DEFINITIONS = (
					"DEBUG=1",
					"$(inherited)",
				);
				GCC_WARN_64_TO_32_BIT_CONVERSION = YES;
				GCC_WARN_ABOUT_RETURN_TYPE = YES_ERROR;
				GCC_WARN_UNDECLARED_SELECTOR = YES;
				GCC_WARN_UNINITIALIZED_AUTOS = YES_AGGRESSIVE;
				GCC_WARN_UNUSED_FUNCTION = YES;
				GCC_WARN_UNUSED_VARIABLE = YES;
				IPHONEOS_DEPLOYMENT_TARGET = 9.0;
				MTL_ENABLE_DEBUG_INFO = YES;
				ONLY_ACTIVE_ARCH = YES;
				SDKROOT = iphoneos;
				SWIFT_OPTIMIZATION_LEVEL = "-Onone";
				TARGETED_DEVICE_FAMILY = "1,2";
			};
			name = Debug;
		};
		A5CDD0F41BCE267B00E6F2BD /* Release */ = {
			isa = XCBuildConfiguration;
			buildSettings = {
				ALWAYS_SEARCH_USER_PATHS = NO;
				CLANG_CXX_LANGUAGE_STANDARD = "gnu++0x";
				CLANG_CXX_LIBRARY = "libc++";
				CLANG_ENABLE_MODULES = YES;
				CLANG_ENABLE_OBJC_ARC = YES;
				CLANG_WARN_BOOL_CONVERSION = YES;
				CLANG_WARN_CONSTANT_CONVERSION = YES;
				CLANG_WARN_DIRECT_OBJC_ISA_USAGE = YES_ERROR;
				CLANG_WARN_EMPTY_BODY = YES;
				CLANG_WARN_ENUM_CONVERSION = YES;
				CLANG_WARN_INFINITE_RECURSION = YES;
				CLANG_WARN_INT_CONVERSION = YES;
				CLANG_WARN_OBJC_ROOT_CLASS = YES_ERROR;
				CLANG_WARN_SUSPICIOUS_MOVE = YES;
				CLANG_WARN_UNREACHABLE_CODE = YES;
				CLANG_WARN__DUPLICATE_METHOD_MATCH = YES;
				"CODE_SIGN_IDENTITY[sdk=iphoneos*]" = "iPhone Developer";
				COPY_PHASE_STRIP = NO;
				DEBUG_INFORMATION_FORMAT = "dwarf-with-dsym";
				ENABLE_NS_ASSERTIONS = NO;
				ENABLE_STRICT_OBJC_MSGSEND = YES;
				GCC_C_LANGUAGE_STANDARD = gnu99;
				GCC_NO_COMMON_BLOCKS = YES;
				GCC_WARN_64_TO_32_BIT_CONVERSION = YES;
				GCC_WARN_ABOUT_RETURN_TYPE = YES_ERROR;
				GCC_WARN_UNDECLARED_SELECTOR = YES;
				GCC_WARN_UNINITIALIZED_AUTOS = YES_AGGRESSIVE;
				GCC_WARN_UNUSED_FUNCTION = YES;
				GCC_WARN_UNUSED_VARIABLE = YES;
				IPHONEOS_DEPLOYMENT_TARGET = 9.0;
				MTL_ENABLE_DEBUG_INFO = NO;
				SDKROOT = iphoneos;
				SWIFT_OPTIMIZATION_LEVEL = "-Owholemodule";
				TARGETED_DEVICE_FAMILY = "1,2";
				VALIDATE_PRODUCT = YES;
			};
			name = Release;
		};
		A5CDD0F61BCE267B00E6F2BD /* Debug */ = {
			isa = XCBuildConfiguration;
			baseConfigurationReference = E8E3155F37EDF8243B00D5AF /* Pods-IosContinuousIntegration.debug.xcconfig */;
			buildSettings = {
				ASSETCATALOG_COMPILER_APPICON_NAME = AppIcon;
				CURRENT_PROJECT_VERSION = 11;
				DEVELOPMENT_TEAM = 8D596865QB;
				INFOPLIST_FILE = IosContinuousIntegration/Info.plist;
				LD_RUNPATH_SEARCH_PATHS = "$(inherited) @executable_path/Frameworks";
				PRODUCT_BUNDLE_IDENTIFIER = ch.adriennicolet.ios.IosContinuousIntegration;
				PRODUCT_NAME = "$(TARGET_NAME)";
				SWIFT_VERSION = 3.0;
			};
			name = Debug;
		};
		A5CDD0F71BCE267B00E6F2BD /* Release */ = {
			isa = XCBuildConfiguration;
			baseConfigurationReference = 708D116CF6BB083987AFC172 /* Pods-IosContinuousIntegration.release.xcconfig */;
			buildSettings = {
				ASSETCATALOG_COMPILER_APPICON_NAME = AppIcon;
				CURRENT_PROJECT_VERSION = 11;
				DEVELOPMENT_TEAM = 8D596865QB;
				INFOPLIST_FILE = IosContinuousIntegration/Info.plist;
				LD_RUNPATH_SEARCH_PATHS = "$(inherited) @executable_path/Frameworks";
				PRODUCT_BUNDLE_IDENTIFIER = ch.adriennicolet.ios.IosContinuousIntegration;
				PRODUCT_NAME = "$(TARGET_NAME)";
				SWIFT_VERSION = 3.0;
			};
			name = Release;
		};
		A5CDD0F91BCE267B00E6F2BD /* Debug */ = {
			isa = XCBuildConfiguration;
			buildSettings = {
				BUNDLE_LOADER = "$(TEST_HOST)";
				DEVELOPMENT_TEAM = 8D596865QB;
				INFOPLIST_FILE = IosContinuousIntegrationTests/Info.plist;
				LD_RUNPATH_SEARCH_PATHS = "$(inherited) @executable_path/Frameworks @loader_path/Frameworks";
				PRODUCT_BUNDLE_IDENTIFIER = ch.adriennicolet.ios.IosContinuousIntegrationTests;
				PRODUCT_NAME = "$(TARGET_NAME)";
				SWIFT_VERSION = 3.0;
				TEST_HOST = "$(BUILT_PRODUCTS_DIR)/IosContinuousIntegration.app/IosContinuousIntegration";
			};
			name = Debug;
		};
		A5CDD0FA1BCE267B00E6F2BD /* Release */ = {
			isa = XCBuildConfiguration;
			buildSettings = {
				BUNDLE_LOADER = "$(TEST_HOST)";
				DEVELOPMENT_TEAM = 8D596865QB;
				INFOPLIST_FILE = IosContinuousIntegrationTests/Info.plist;
				LD_RUNPATH_SEARCH_PATHS = "$(inherited) @executable_path/Frameworks @loader_path/Frameworks";
				PRODUCT_BUNDLE_IDENTIFIER = ch.adriennicolet.ios.IosContinuousIntegrationTests;
				PRODUCT_NAME = "$(TARGET_NAME)";
				SWIFT_VERSION = 3.0;
				TEST_HOST = "$(BUILT_PRODUCTS_DIR)/IosContinuousIntegration.app/IosContinuousIntegration";
			};
			name = Release;
		};
		A5CDD0FC1BCE267B00E6F2BD /* Debug */ = {
			isa = XCBuildConfiguration;
			buildSettings = {
				DEVELOPMENT_TEAM = 8D596865QB;
				INFOPLIST_FILE = IosContinuousIntegrationUITests/Info.plist;
				LD_RUNPATH_SEARCH_PATHS = "$(inherited) @executable_path/Frameworks @loader_path/Frameworks";
				PRODUCT_BUNDLE_IDENTIFIER = ch.adriennicolet.ios.IosContinuousIntegrationUITests;
				PRODUCT_NAME = "$(TARGET_NAME)";
				SWIFT_VERSION = 3.0;
				TEST_TARGET_NAME = IosContinuousIntegration;
				USES_XCTRUNNER = YES;
			};
			name = Debug;
		};
		A5CDD0FD1BCE267B00E6F2BD /* Release */ = {
			isa = XCBuildConfiguration;
			buildSettings = {
				DEVELOPMENT_TEAM = 8D596865QB;
				INFOPLIST_FILE = IosContinuousIntegrationUITests/Info.plist;
				LD_RUNPATH_SEARCH_PATHS = "$(inherited) @executable_path/Frameworks @loader_path/Frameworks";
				PRODUCT_BUNDLE_IDENTIFIER = ch.adriennicolet.ios.IosContinuousIntegrationUITests;
				PRODUCT_NAME = "$(TARGET_NAME)";
				SWIFT_VERSION = 3.0;
				TEST_TARGET_NAME = IosContinuousIntegration;
				USES_XCTRUNNER = YES;
			};
			name = Release;
		};
/* End XCBuildConfiguration section */

/* Begin XCConfigurationList section */
		323AC6C91E244E550031A2AD /* Build configuration list for PBXNativeTarget "IosContinuousIntegrationCucumberTests" */ = {
			isa = XCConfigurationList;
			buildConfigurations = (
				323AC6CA1E244E550031A2AD /* Debug */,
				323AC6CB1E244E550031A2AD /* Release */,
			);
			defaultConfigurationIsVisible = 0;
		};
		A5CDD0C61BCE267B00E6F2BD /* Build configuration list for PBXProject "IosContinuousIntegration" */ = {
			isa = XCConfigurationList;
			buildConfigurations = (
				A5CDD0F31BCE267B00E6F2BD /* Debug */,
				A5CDD0F41BCE267B00E6F2BD /* Release */,
			);
			defaultConfigurationIsVisible = 0;
			defaultConfigurationName = Release;
		};
		A5CDD0F51BCE267B00E6F2BD /* Build configuration list for PBXNativeTarget "IosContinuousIntegration" */ = {
			isa = XCConfigurationList;
			buildConfigurations = (
				A5CDD0F61BCE267B00E6F2BD /* Debug */,
				A5CDD0F71BCE267B00E6F2BD /* Release */,
			);
			defaultConfigurationIsVisible = 0;
			defaultConfigurationName = Release;
		};
		A5CDD0F81BCE267B00E6F2BD /* Build configuration list for PBXNativeTarget "IosContinuousIntegrationTests" */ = {
			isa = XCConfigurationList;
			buildConfigurations = (
				A5CDD0F91BCE267B00E6F2BD /* Debug */,
				A5CDD0FA1BCE267B00E6F2BD /* Release */,
			);
			defaultConfigurationIsVisible = 0;
			defaultConfigurationName = Release;
		};
		A5CDD0FB1BCE267B00E6F2BD /* Build configuration list for PBXNativeTarget "IosContinuousIntegrationUITests" */ = {
			isa = XCConfigurationList;
			buildConfigurations = (
				A5CDD0FC1BCE267B00E6F2BD /* Debug */,
				A5CDD0FD1BCE267B00E6F2BD /* Release */,
			);
			defaultConfigurationIsVisible = 0;
			defaultConfigurationName = Release;
		};
/* End XCConfigurationList section */
	};
	rootObject = A5CDD0C31BCE267B00E6F2BD /* Project object */;
}
